// !$*UTF8*$!
{
	archiveVersion = 1;
	classes = {
	};
	objectVersion = 46;
	objects = {

/* Begin PBXAggregateTarget section */
		3332D770377148D89A491FCB /* ALL_BUILD */ = {
			isa = PBXAggregateTarget;
			buildConfigurationList = 173CEBA2E86C4D5CA44A5503 /* Build configuration list for PBXAggregateTarget "ALL_BUILD" */;
			buildPhases = (
				8D96C6966A7D436F826C9672 /* CMake Rules */,
			);
			dependencies = (
				CD9ACE8E77A54EC08762FC39 /* PBXTargetDependency */,
				41E155B65705451183F12B7F /* PBXTargetDependency */,
			);
			name = ALL_BUILD;
			productName = ALL_BUILD;
		};
		604AC7DA8AD340478C5D3206 /* ZERO_CHECK */ = {
			isa = PBXAggregateTarget;
			buildConfigurationList = AC9ACAACDE244615987F1885 /* Build configuration list for PBXAggregateTarget "ZERO_CHECK" */;
			buildPhases = (
				F0011970AC794CE195323EEF /* CMake Rules */,
			);
			dependencies = (
			);
			name = ZERO_CHECK;
			productName = ZERO_CHECK;
		};
/* End PBXAggregateTarget section */

/* Begin PBXBuildFile section */
		14C085F186904F72A4A62BC3 /* /Users/MHReid/Documents/GP2-Labs/GP2CourseWork/src/Texture.cpp */ = {isa = PBXBuildFile; fileRef = 885C2F70443C4DA0B3AA62E8 /* /Users/MHReid/Documents/GP2-Labs/GP2CourseWork/src/Texture.cpp */; settings = {COMPILER_FLAGS = ""; }; };
		2F646B985E0D4B4EB26CCE32 /* /Users/MHReid/Documents/GP2-Labs/GP2CourseWork/include/Mesh.h */ = {isa = PBXBuildFile; fileRef = 54618B6C306941CABD8908A7 /* /Users/MHReid/Documents/GP2-Labs/GP2CourseWork/include/Mesh.h */; settings = {COMPILER_FLAGS = ""; }; };
		384D422CC699491CAA95B674 /* /Users/MHReid/Documents/GP2-Labs/GP2CourseWork/src/FileSystem.cpp */ = {isa = PBXBuildFile; fileRef = 3430103F2308456DBDF00608 /* /Users/MHReid/Documents/GP2-Labs/GP2CourseWork/src/FileSystem.cpp */; settings = {COMPILER_FLAGS = ""; }; };
		41249E7E42C648AD8B540173 /* /Users/MHReid/Documents/GP2-Labs/GP2CourseWork/CMakeLists.txt */ = {isa = PBXBuildFile; fileRef = 5A9A3E586CF646B087900848 /* /Users/MHReid/Documents/GP2-Labs/GP2CourseWork/CMakeLists.txt */; settings = {COMPILER_FLAGS = ""; }; };
		44B06A0B41B34ADC88CA5D45 /* /Users/MHReid/Documents/GP2-Labs/GP2CourseWork/include/Common.h */ = {isa = PBXBuildFile; fileRef = BA2894F9CD344D75958B3A2A /* /Users/MHReid/Documents/GP2-Labs/GP2CourseWork/include/Common.h */; settings = {COMPILER_FLAGS = ""; }; };
		4BF80DEF0FD04E8EBE3DDF73 /* /Users/MHReid/Documents/GP2-Labs/GP2CourseWork/include/GameObject.h */ = {isa = PBXBuildFile; fileRef = 6C01D9A1A3D7434EA8EAAE49 /* /Users/MHReid/Documents/GP2-Labs/GP2CourseWork/include/GameObject.h */; settings = {COMPILER_FLAGS = ""; }; };
		53D9274BA52F4E27B6FAFCB0 /* /Users/MHReid/Documents/GP2-Labs/GP2CourseWork/include/Shader.h */ = {isa = PBXBuildFile; fileRef = BD2A49B17183467E858581E3 /* /Users/MHReid/Documents/GP2-Labs/GP2CourseWork/include/Shader.h */; settings = {COMPILER_FLAGS = ""; }; };
		69F884ECE54047BBB3E9A1E2 /* /Users/MHReid/Documents/GP2-Labs/GP2CourseWork/include/FileSystem.h */ = {isa = PBXBuildFile; fileRef = 7468129DDF47424A9107292D /* /Users/MHReid/Documents/GP2-Labs/GP2CourseWork/include/FileSystem.h */; settings = {COMPILER_FLAGS = ""; }; };
		761837BCD72A4976A9097F74 /* /Users/MHReid/Documents/GP2-Labs/GP2CourseWork/src/Shader.cpp */ = {isa = PBXBuildFile; fileRef = 125C00C5CEC341C5B6BC6ADF /* /Users/MHReid/Documents/GP2-Labs/GP2CourseWork/src/Shader.cpp */; settings = {COMPILER_FLAGS = ""; }; };
		8A5B287B329A482AB2C883FD /* /Users/MHReid/Documents/GP2-Labs/GP2CourseWork/src/Graphics.cpp */ = {isa = PBXBuildFile; fileRef = BF191008DF5A4163BE0FFDE7 /* /Users/MHReid/Documents/GP2-Labs/GP2CourseWork/src/Graphics.cpp */; settings = {COMPILER_FLAGS = ""; }; };
		98F45C5601EC47F38E3257F5 /* /Users/MHReid/Documents/GP2-Labs/GP2CourseWork/src/FBXLoader.cpp */ = {isa = PBXBuildFile; fileRef = 885F507EF93940BA8C60E998 /* /Users/MHReid/Documents/GP2-Labs/GP2CourseWork/src/FBXLoader.cpp */; settings = {COMPILER_FLAGS = ""; }; };
		A3982E98C02042009B3C7F0E /* /Users/MHReid/Documents/GP2-Labs/GP2CourseWork/include/Texture.h */ = {isa = PBXBuildFile; fileRef = D4FBED5750D64D859682D758 /* /Users/MHReid/Documents/GP2-Labs/GP2CourseWork/include/Texture.h */; settings = {COMPILER_FLAGS = ""; }; };
		A41AD48E861E47FBAE0687D8 /* /Users/MHReid/Documents/GP2-Labs/GP2CourseWork/src/Material.cpp */ = {isa = PBXBuildFile; fileRef = 7C064C6FAFAF4B40AF280884 /* /Users/MHReid/Documents/GP2-Labs/GP2CourseWork/src/Material.cpp */; settings = {COMPILER_FLAGS = ""; }; };
		A4760CBC0C1542A3A75A21F6 /* /Users/MHReid/Documents/GP2-Labs/GP2CourseWork/include/Graphics.h */ = {isa = PBXBuildFile; fileRef = E5ADA2FC7C804F97A038E351 /* /Users/MHReid/Documents/GP2-Labs/GP2CourseWork/include/Graphics.h */; settings = {COMPILER_FLAGS = ""; }; };
		B888DB0FDD0D4116B35EDE1B /* /Users/MHReid/Documents/GP2-Labs/GP2CourseWork/include/Material.h */ = {isa = PBXBuildFile; fileRef = 5CD1360BD8424185A188DE6D /* /Users/MHReid/Documents/GP2-Labs/GP2CourseWork/include/Material.h */; settings = {COMPILER_FLAGS = ""; }; };
		E0D693943B3643FDA29A2086 /* /Users/MHReid/Documents/GP2-Labs/GP2CourseWork/src/main.cpp */ = {isa = PBXBuildFile; fileRef = 4DC542EA115443729907AEDA /* /Users/MHReid/Documents/GP2-Labs/GP2CourseWork/src/main.cpp */; settings = {COMPILER_FLAGS = ""; }; };
		EB1E132CE35647AF8CDD2B9F /* /Users/MHReid/Documents/GP2-Labs/GP2CourseWork/include/FBXLoader.h */ = {isa = PBXBuildFile; fileRef = D82404A0F0DF466B87D1B3F3 /* /Users/MHReid/Documents/GP2-Labs/GP2CourseWork/include/FBXLoader.h */; settings = {COMPILER_FLAGS = ""; }; };
		F54CB5BA96DC41AC8A853D71 /* /Users/MHReid/Documents/GP2-Labs/GP2CourseWork/include/Vertices.h */ = {isa = PBXBuildFile; fileRef = 21A764398123446BBC7DE7CD /* /Users/MHReid/Documents/GP2-Labs/GP2CourseWork/include/Vertices.h */; settings = {COMPILER_FLAGS = ""; }; };
		F89FDBFD15A2451DB9DCAF8F /* /Users/MHReid/Documents/GP2-Labs/GP2CourseWork/src/GameObject.cpp */ = {isa = PBXBuildFile; fileRef = 582121A4DC0C4A4CB3727929 /* /Users/MHReid/Documents/GP2-Labs/GP2CourseWork/src/GameObject.cpp */; settings = {COMPILER_FLAGS = ""; }; };
/* End PBXBuildFile section */

/* Begin PBXBuildStyle section */
		161B2EF199544FF2ADBA685B = {
			isa = PBXBuildStyle;
		};
		2C8E6A08C087424F9E76B2A9 /* Release */ = {
			isa = PBXBuildStyle;
			buildSettings = {
				COPY_PHASE_STRIP = NO;
			};
			name = Release;
		};
		6D14C42771F34EEDA5C85604 /* MinSizeRel */ = {
			isa = PBXBuildStyle;
			buildSettings = {
				COPY_PHASE_STRIP = NO;
			};
			name = MinSizeRel;
		};
		8874B3E5D8854F059E1B9C71 /* Debug */ = {
			isa = PBXBuildStyle;
			buildSettings = {
				COPY_PHASE_STRIP = NO;
			};
			name = Debug;
		};
		F82022FAE09945E1A5F4108A /* RelWithDebInfo */ = {
			isa = PBXBuildStyle;
			buildSettings = {
				COPY_PHASE_STRIP = NO;
			};
			name = RelWithDebInfo;
		};
/* End PBXBuildStyle section */

/* Begin PBXContainerItemProxy section */
		2438B5D5314F4021B0D7A825 /* PBXContainerItemProxy */ = {
			isa = PBXContainerItemProxy;
			containerPortal = 9E84CBF5017043BF8E8FD0F1 /* Project object */;
			proxyType = 1;
			remoteGlobalIDString = D8330D0E049B49CEB8ACF5DB;
			remoteInfo = GP2CourseWork;
		};
		2974FB975EDB47C097EB9382 /* PBXContainerItemProxy */ = {
			isa = PBXContainerItemProxy;
			containerPortal = 9E84CBF5017043BF8E8FD0F1 /* Project object */;
			proxyType = 1;
			remoteGlobalIDString = 604AC7DA8AD340478C5D3206;
			remoteInfo = ZERO_CHECK;
		};
		E8D2D9CF807B42738F9E2929 /* PBXContainerItemProxy */ = {
			isa = PBXContainerItemProxy;
			containerPortal = 9E84CBF5017043BF8E8FD0F1 /* Project object */;
			proxyType = 1;
			remoteGlobalIDString = 604AC7DA8AD340478C5D3206;
			remoteInfo = ZERO_CHECK;
		};
/* End PBXContainerItemProxy section */

/* Begin PBXFileReference section */
		125C00C5CEC341C5B6BC6ADF /* /Users/MHReid/Documents/GP2-Labs/GP2CourseWork/src/Shader.cpp */ = {isa = PBXFileReference; explicitFileType = sourcecode.cpp.cpp; fileEncoding = 4; name = Shader.cpp; path = src/Shader.cpp; sourceTree = SOURCE_ROOT; };
		21A764398123446BBC7DE7CD /* /Users/MHReid/Documents/GP2-Labs/GP2CourseWork/include/Vertices.h */ = {isa = PBXFileReference; explicitFileType = sourcecode.c.h; fileEncoding = 4; name = Vertices.h; path = include/Vertices.h; sourceTree = SOURCE_ROOT; };
		3430103F2308456DBDF00608 /* /Users/MHReid/Documents/GP2-Labs/GP2CourseWork/src/FileSystem.cpp */ = {isa = PBXFileReference; explicitFileType = sourcecode.cpp.cpp; fileEncoding = 4; name = FileSystem.cpp; path = src/FileSystem.cpp; sourceTree = SOURCE_ROOT; };
		4DC542EA115443729907AEDA /* /Users/MHReid/Documents/GP2-Labs/GP2CourseWork/src/main.cpp */ = {isa = PBXFileReference; explicitFileType = sourcecode.cpp.cpp; fileEncoding = 4; name = main.cpp; path = src/main.cpp; sourceTree = SOURCE_ROOT; };
		54618B6C306941CABD8908A7 /* /Users/MHReid/Documents/GP2-Labs/GP2CourseWork/include/Mesh.h */ = {isa = PBXFileReference; explicitFileType = sourcecode.c.h; fileEncoding = 4; name = Mesh.h; path = include/Mesh.h; sourceTree = SOURCE_ROOT; };
		582121A4DC0C4A4CB3727929 /* /Users/MHReid/Documents/GP2-Labs/GP2CourseWork/src/GameObject.cpp */ = {isa = PBXFileReference; explicitFileType = sourcecode.cpp.cpp; fileEncoding = 4; name = GameObject.cpp; path = src/GameObject.cpp; sourceTree = SOURCE_ROOT; };
		5A9A3E586CF646B087900848 /* /Users/MHReid/Documents/GP2-Labs/GP2CourseWork/CMakeLists.txt */ = {isa = PBXFileReference; explicitFileType = sourcecode.text; fileEncoding = 4; name = CMakeLists.txt; path = CMakeLists.txt; sourceTree = SOURCE_ROOT; };
		5CD1360BD8424185A188DE6D /* /Users/MHReid/Documents/GP2-Labs/GP2CourseWork/include/Material.h */ = {isa = PBXFileReference; explicitFileType = sourcecode.c.h; fileEncoding = 4; name = Material.h; path = include/Material.h; sourceTree = SOURCE_ROOT; };
		6C01D9A1A3D7434EA8EAAE49 /* /Users/MHReid/Documents/GP2-Labs/GP2CourseWork/include/GameObject.h */ = {isa = PBXFileReference; explicitFileType = sourcecode.c.h; fileEncoding = 4; name = GameObject.h; path = include/GameObject.h; sourceTree = SOURCE_ROOT; };
		7468129DDF47424A9107292D /* /Users/MHReid/Documents/GP2-Labs/GP2CourseWork/include/FileSystem.h */ = {isa = PBXFileReference; explicitFileType = sourcecode.c.h; fileEncoding = 4; name = FileSystem.h; path = include/FileSystem.h; sourceTree = SOURCE_ROOT; };
		7C064C6FAFAF4B40AF280884 /* /Users/MHReid/Documents/GP2-Labs/GP2CourseWork/src/Material.cpp */ = {isa = PBXFileReference; explicitFileType = sourcecode.cpp.cpp; fileEncoding = 4; name = Material.cpp; path = src/Material.cpp; sourceTree = SOURCE_ROOT; };
		885C2F70443C4DA0B3AA62E8 /* /Users/MHReid/Documents/GP2-Labs/GP2CourseWork/src/Texture.cpp */ = {isa = PBXFileReference; explicitFileType = sourcecode.cpp.cpp; fileEncoding = 4; name = Texture.cpp; path = src/Texture.cpp; sourceTree = SOURCE_ROOT; };
		885F507EF93940BA8C60E998 /* /Users/MHReid/Documents/GP2-Labs/GP2CourseWork/src/FBXLoader.cpp */ = {isa = PBXFileReference; explicitFileType = sourcecode.cpp.cpp; fileEncoding = 4; name = FBXLoader.cpp; path = src/FBXLoader.cpp; sourceTree = SOURCE_ROOT; };
		9B9FF59F6ED24CEC820EEC8D /* /Users/MHReid/Documents/GP2-Labs/GP2CourseWork/CMakeLists.txt */ = {isa = PBXFileReference; explicitFileType = sourcecode.text; fileEncoding = 4; name = CMakeLists.txt; path = CMakeLists.txt; sourceTree = SOURCE_ROOT; };
		BA2894F9CD344D75958B3A2A /* /Users/MHReid/Documents/GP2-Labs/GP2CourseWork/include/Common.h */ = {isa = PBXFileReference; explicitFileType = sourcecode.c.h; fileEncoding = 4; name = Common.h; path = include/Common.h; sourceTree = SOURCE_ROOT; };
		BD2A49B17183467E858581E3 /* /Users/MHReid/Documents/GP2-Labs/GP2CourseWork/include/Shader.h */ = {isa = PBXFileReference; explicitFileType = sourcecode.c.h; fileEncoding = 4; name = Shader.h; path = include/Shader.h; sourceTree = SOURCE_ROOT; };
		BF191008DF5A4163BE0FFDE7 /* /Users/MHReid/Documents/GP2-Labs/GP2CourseWork/src/Graphics.cpp */ = {isa = PBXFileReference; explicitFileType = sourcecode.cpp.cpp; fileEncoding = 4; name = Graphics.cpp; path = src/Graphics.cpp; sourceTree = SOURCE_ROOT; };
		CA05C357650845F984481F86 /* /Users/MHReid/Documents/GP2-Labs/GP2CourseWork/CMakeLists.txt */ = {isa = PBXFileReference; explicitFileType = sourcecode.text; fileEncoding = 4; name = CMakeLists.txt; path = CMakeLists.txt; sourceTree = SOURCE_ROOT; };
		D4FBED5750D64D859682D758 /* /Users/MHReid/Documents/GP2-Labs/GP2CourseWork/include/Texture.h */ = {isa = PBXFileReference; explicitFileType = sourcecode.c.h; fileEncoding = 4; name = Texture.h; path = include/Texture.h; sourceTree = SOURCE_ROOT; };
		D82404A0F0DF466B87D1B3F3 /* /Users/MHReid/Documents/GP2-Labs/GP2CourseWork/include/FBXLoader.h */ = {isa = PBXFileReference; explicitFileType = sourcecode.c.h; fileEncoding = 4; name = FBXLoader.h; path = include/FBXLoader.h; sourceTree = SOURCE_ROOT; };
		E5ADA2FC7C804F97A038E351 /* /Users/MHReid/Documents/GP2-Labs/GP2CourseWork/include/Graphics.h */ = {isa = PBXFileReference; explicitFileType = sourcecode.c.h; fileEncoding = 4; name = Graphics.h; path = include/Graphics.h; sourceTree = SOURCE_ROOT; };
		F390156655CD4A0C9F609DE7 /* GP2CourseWork */ = {isa = PBXFileReference; explicitFileType = "compiled.mach-o.executable"; path = GP2CourseWork; refType = 0; sourceTree = BUILT_PRODUCTS_DIR; };
/* End PBXFileReference section */

/* Begin PBXGroup section */
		2D7AEA6C9C4F4C1787A6F6F2 /* ALL_BUILD */ = {
			isa = PBXGroup;
			children = (
				61403386C5564EF5A02A02C2 /* CMake Rules */,
				CA05C357650845F984481F86 /* /Users/MHReid/Documents/GP2-Labs/GP2CourseWork/CMakeLists.txt */,
			);
			name = ALL_BUILD;
			sourceTree = "<group>";
		};
		573BACFD051742AFBC6F1FA8 /* Resources */ = {
			isa = PBXGroup;
			children = (
			);
			name = Resources;
			sourceTree = "<group>";
		};
		5E634C50246D48259A317984 /* GP2CourseWork */ = {
			isa = PBXGroup;
			children = (
				AAFE42603F394DF79FF6F67E /* Source Files */,
				9798EEC50D5B45ABB5E74217 /* Header Files */,
				5A9A3E586CF646B087900848 /* /Users/MHReid/Documents/GP2-Labs/GP2CourseWork/CMakeLists.txt */,
			);
			name = GP2CourseWork;
			sourceTree = "<group>";
		};
		61403386C5564EF5A02A02C2 /* CMake Rules */ = {
			isa = PBXGroup;
			children = (
			);
			name = "CMake Rules";
			sourceTree = "<group>";
		};
		92961B2632E145C09F1A6BF6 /* Products */ = {
			isa = PBXGroup;
			children = (
				F390156655CD4A0C9F609DE7 /* GP2CourseWork */,
			);
			name = Products;
			sourceTree = "<group>";
		};
		9798EEC50D5B45ABB5E74217 /* Header Files */ = {
			isa = PBXGroup;
			children = (
				BA2894F9CD344D75958B3A2A /* /Users/MHReid/Documents/GP2-Labs/GP2CourseWork/include/Common.h */,
				D82404A0F0DF466B87D1B3F3 /* /Users/MHReid/Documents/GP2-Labs/GP2CourseWork/include/FBXLoader.h */,
				7468129DDF47424A9107292D /* /Users/MHReid/Documents/GP2-Labs/GP2CourseWork/include/FileSystem.h */,
				6C01D9A1A3D7434EA8EAAE49 /* /Users/MHReid/Documents/GP2-Labs/GP2CourseWork/include/GameObject.h */,
				E5ADA2FC7C804F97A038E351 /* /Users/MHReid/Documents/GP2-Labs/GP2CourseWork/include/Graphics.h */,
				5CD1360BD8424185A188DE6D /* /Users/MHReid/Documents/GP2-Labs/GP2CourseWork/include/Material.h */,
				54618B6C306941CABD8908A7 /* /Users/MHReid/Documents/GP2-Labs/GP2CourseWork/include/Mesh.h */,
				BD2A49B17183467E858581E3 /* /Users/MHReid/Documents/GP2-Labs/GP2CourseWork/include/Shader.h */,
				D4FBED5750D64D859682D758 /* /Users/MHReid/Documents/GP2-Labs/GP2CourseWork/include/Texture.h */,
				21A764398123446BBC7DE7CD /* /Users/MHReid/Documents/GP2-Labs/GP2CourseWork/include/Vertices.h */,
			);
			name = "Header Files";
			sourceTree = "<group>";
		};
		AAFE42603F394DF79FF6F67E /* Source Files */ = {
			isa = PBXGroup;
			children = (
				885F507EF93940BA8C60E998 /* /Users/MHReid/Documents/GP2-Labs/GP2CourseWork/src/FBXLoader.cpp */,
				3430103F2308456DBDF00608 /* /Users/MHReid/Documents/GP2-Labs/GP2CourseWork/src/FileSystem.cpp */,
				582121A4DC0C4A4CB3727929 /* /Users/MHReid/Documents/GP2-Labs/GP2CourseWork/src/GameObject.cpp */,
				BF191008DF5A4163BE0FFDE7 /* /Users/MHReid/Documents/GP2-Labs/GP2CourseWork/src/Graphics.cpp */,
				7C064C6FAFAF4B40AF280884 /* /Users/MHReid/Documents/GP2-Labs/GP2CourseWork/src/Material.cpp */,
				125C00C5CEC341C5B6BC6ADF /* /Users/MHReid/Documents/GP2-Labs/GP2CourseWork/src/Shader.cpp */,
				885C2F70443C4DA0B3AA62E8 /* /Users/MHReid/Documents/GP2-Labs/GP2CourseWork/src/Texture.cpp */,
				4DC542EA115443729907AEDA /* /Users/MHReid/Documents/GP2-Labs/GP2CourseWork/src/main.cpp */,
			);
			name = "Source Files";
			sourceTree = "<group>";
		};
		B0CA329E375E4BE9A10EDDD3 /* Sources */ = {
			isa = PBXGroup;
			children = (
				2D7AEA6C9C4F4C1787A6F6F2 /* ALL_BUILD */,
				5E634C50246D48259A317984 /* GP2CourseWork */,
				DD943962A0DC47618A27C988 /* ZERO_CHECK */,
			);
			name = Sources;
			sourceTree = "<group>";
		};
		C136F2062F474B2B9E519674 /* CMake Rules */ = {
			isa = PBXGroup;
			children = (
			);
			name = "CMake Rules";
			sourceTree = "<group>";
		};
		DD943962A0DC47618A27C988 /* ZERO_CHECK */ = {
			isa = PBXGroup;
			children = (
				C136F2062F474B2B9E519674 /* CMake Rules */,
				9B9FF59F6ED24CEC820EEC8D /* /Users/MHReid/Documents/GP2-Labs/GP2CourseWork/CMakeLists.txt */,
			);
			name = ZERO_CHECK;
			sourceTree = "<group>";
		};
		E5AEC4FB738249BBA4CAE238 = {
			isa = PBXGroup;
			children = (
				B0CA329E375E4BE9A10EDDD3 /* Sources */,
				573BACFD051742AFBC6F1FA8 /* Resources */,
				92961B2632E145C09F1A6BF6 /* Products */,
			);
			sourceTree = "<group>";
		};
/* End PBXGroup section */

/* Begin PBXNativeTarget section */
		D8330D0E049B49CEB8ACF5DB /* GP2CourseWork */ = {
			isa = PBXNativeTarget;
			buildConfigurationList = 70E183CB26C545FC9EE79E8E /* Build configuration list for PBXNativeTarget "GP2CourseWork" */;
			buildPhases = (
				B7AAE26BD2C1469796E5530A /* CMake PreBuild Rules */,
				92185A4B202E477988225538 /* Sources */,
			);
			buildRules = (
			);
			dependencies = (
				4F3A0C167042475A97F42A31 /* PBXTargetDependency */,
			);
			name = GP2CourseWork;
			productName = GP2CourseWork;
			productReference = F390156655CD4A0C9F609DE7 /* GP2CourseWork */;
			productType = "com.apple.product-type.tool";
		};
/* End PBXNativeTarget section */

/* Begin PBXProject section */
		9E84CBF5017043BF8E8FD0F1 /* Project object */ = {
			isa = PBXProject;
			attributes = {
				BuildIndependentTargetsInParallel = YES;
			};
			buildConfigurationList = 29A39E713A9843BFB2AB55AC /* Build configuration list for PBXProject "GP2CourseWork" */;
			buildSettings = {
			};
			buildStyles = (
				8874B3E5D8854F059E1B9C71 /* Debug */,
				2C8E6A08C087424F9E76B2A9 /* Release */,
				6D14C42771F34EEDA5C85604 /* MinSizeRel */,
				F82022FAE09945E1A5F4108A /* RelWithDebInfo */,
			);
			compatibilityVersion = "Xcode 3.2";
			hasScannedForEncodings = 0;
			mainGroup = E5AEC4FB738249BBA4CAE238;
			projectDirPath = ../;
			projectRoot = "";
			targets = (
				3332D770377148D89A491FCB /* ALL_BUILD */,
				D8330D0E049B49CEB8ACF5DB /* GP2CourseWork */,
				604AC7DA8AD340478C5D3206 /* ZERO_CHECK */,
			);
		};
/* End PBXProject section */

/* Begin PBXShellScriptBuildPhase section */
		8D96C6966A7D436F826C9672 /* CMake Rules */ = {
			isa = PBXShellScriptBuildPhase;
			buildActionMask = 2147483647;
			files = (
			);
			name = "CMake Rules";
			runOnlyForDeploymentPostprocessing = 0;
			shellPath = /bin/sh;
			shellScript = "make -C /Users/MHReid/Documents/GP2-Labs/GP2CourseWork/builds1 -f /Users/MHReid/Documents/GP2-Labs/GP2CourseWork/builds1/CMakeScripts/ALL_BUILD_cmakeRulesBuildPhase.make$CONFIGURATION all";
			showEnvVarsInLog = 0;
		};
		9CBEDFFE373643289CE89A20 = {
			isa = PBXShellScriptBuildPhase;
			buildActionMask = 2147483647;
			files = (
			);
			inputPaths = (
			);
			outputPaths = (
			);
			runOnlyForDeploymentPostprocessing = 0;
			shellPath = /bin/sh;
			shellScript = "# shell script goes here
exit 0";
			showEnvVarsInLog = 0;
		};
		AFC08434FF3347BB9EE2E5F2 = {
			isa = PBXShellScriptBuildPhase;
			buildActionMask = 2147483647;
			files = (
			);
			inputPaths = (
			);
			outputPaths = (
			);
			runOnlyForDeploymentPostprocessing = 0;
			shellPath = /bin/sh;
			shellScript = "# shell script goes here
exit 0";
			showEnvVarsInLog = 0;
		};
		B7AAE26BD2C1469796E5530A /* CMake PreBuild Rules */ = {
			isa = PBXShellScriptBuildPhase;
			buildActionMask = 2147483647;
			files = (
			);
			name = "CMake PreBuild Rules";
			runOnlyForDeploymentPostprocessing = 0;
			shellPath = /bin/sh;
			shellScript = "make -C /Users/MHReid/Documents/GP2-Labs/GP2CourseWork/builds1 -f /Users/MHReid/Documents/GP2-Labs/GP2CourseWork/builds1/CMakeScripts/GP2CourseWork_preBuildCommands.make$CONFIGURATION all";
			showEnvVarsInLog = 0;
		};
		F0011970AC794CE195323EEF /* CMake Rules */ = {
			isa = PBXShellScriptBuildPhase;
			buildActionMask = 2147483647;
			files = (
			);
			name = "CMake Rules";
			runOnlyForDeploymentPostprocessing = 0;
			shellPath = /bin/sh;
			shellScript = "make -C /Users/MHReid/Documents/GP2-Labs/GP2CourseWork/builds1 -f /Users/MHReid/Documents/GP2-Labs/GP2CourseWork/builds1/CMakeScripts/ZERO_CHECK_cmakeRulesBuildPhase.make$CONFIGURATION all";
			showEnvVarsInLog = 0;
		};
/* End PBXShellScriptBuildPhase section */

/* Begin PBXSourcesBuildPhase section */
		92185A4B202E477988225538 /* Sources */ = {
			isa = PBXSourcesBuildPhase;
			buildActionMask = 2147483647;
			files = (
				98F45C5601EC47F38E3257F5 /* /Users/MHReid/Documents/GP2-Labs/GP2CourseWork/src/FBXLoader.cpp */,
				384D422CC699491CAA95B674 /* /Users/MHReid/Documents/GP2-Labs/GP2CourseWork/src/FileSystem.cpp */,
				F89FDBFD15A2451DB9DCAF8F /* /Users/MHReid/Documents/GP2-Labs/GP2CourseWork/src/GameObject.cpp */,
				8A5B287B329A482AB2C883FD /* /Users/MHReid/Documents/GP2-Labs/GP2CourseWork/src/Graphics.cpp */,
				A41AD48E861E47FBAE0687D8 /* /Users/MHReid/Documents/GP2-Labs/GP2CourseWork/src/Material.cpp */,
				761837BCD72A4976A9097F74 /* /Users/MHReid/Documents/GP2-Labs/GP2CourseWork/src/Shader.cpp */,
				14C085F186904F72A4A62BC3 /* /Users/MHReid/Documents/GP2-Labs/GP2CourseWork/src/Texture.cpp */,
				E0D693943B3643FDA29A2086 /* /Users/MHReid/Documents/GP2-Labs/GP2CourseWork/src/main.cpp */,
			);
			runOnlyForDeploymentPostprocessing = 0;
		};
/* End PBXSourcesBuildPhase section */

/* Begin PBXTargetDependency section */
		41E155B65705451183F12B7F /* PBXTargetDependency */ = {
			isa = PBXTargetDependency;
			target = D8330D0E049B49CEB8ACF5DB /* GP2CourseWork */;
			targetProxy = 2438B5D5314F4021B0D7A825 /* PBXContainerItemProxy */;
		};
		4F3A0C167042475A97F42A31 /* PBXTargetDependency */ = {
			isa = PBXTargetDependency;
			target = 604AC7DA8AD340478C5D3206 /* ZERO_CHECK */;
			targetProxy = E8D2D9CF807B42738F9E2929 /* PBXContainerItemProxy */;
		};
		CD9ACE8E77A54EC08762FC39 /* PBXTargetDependency */ = {
			isa = PBXTargetDependency;
			target = 604AC7DA8AD340478C5D3206 /* ZERO_CHECK */;
			targetProxy = 2974FB975EDB47C097EB9382 /* PBXContainerItemProxy */;
		};
/* End PBXTargetDependency section */

/* Begin XCBuildConfiguration section */
		2DE66A0F3F7B4BC78B2050EA /* Release */ = {
			isa = XCBuildConfiguration;
			buildSettings = {
				ONLY_ACTIVE_ARCH = YES;
				SDKROOT = "/Applications/Xcode-beta.app/Contents/Developer/Platforms/MacOSX.platform/Developer/SDKs/MacOSX10.11.sdk";
				SYMROOT = "/Users/MHReid/Documents/GP2-Labs/GP2CourseWork/builds1/build";
			};
			name = Release;
		};
		3210EBE0CE3944758A43AEB0 /* MinSizeRel */ = {
			isa = XCBuildConfiguration;
			buildSettings = {
				COMBINE_HIDPI_IMAGES = YES;
				GCC_GENERATE_DEBUGGING_SYMBOLS = YES;
				GCC_INLINES_ARE_PRIVATE_EXTERN = NO;
				GCC_OPTIMIZATION_LEVEL = 0;
				GCC_PREPROCESSOR_DEFINITIONS = ("'CMAKE_INTDIR=\"$(CONFIGURATION)$(EFFECTIVE_PLATFORM_NAME)\"'", );
				GCC_SYMBOLS_PRIVATE_EXTERN = NO;
				HEADER_SEARCH_PATHS = ("/Users/MHReid/Documents/GP2-Labs/GP2CourseWork/GP2CourseWork", "/Users/MHReid/Documents/GP2-Labs/GP2CourseWork/include", /Library/Frameworks/SDL2.framework/Headers, /opt/local/include, /opt/local/include/SDL2, "\"/Applications/Autodesk/FBX SDK/2015.1/include\"", );
				INSTALL_PATH = "";
				OTHER_LDFLAGS = " ";
				OTHER_REZFLAGS = "";
				PRODUCT_NAME = ALL_BUILD;
				SECTORDER_FLAGS = "";
				SYMROOT = "/Users/MHReid/Documents/GP2-Labs/GP2CourseWork/builds1";
				USE_HEADERMAP = NO;
				WARNING_CFLAGS = ("-Wmost", "-Wno-four-char-constants", "-Wno-unknown-pragmas", "$(inherited)", );
			};
			name = MinSizeRel;
		};
		5A8D67FF89084A76AA5F0269 /* Debug */ = {
			isa = XCBuildConfiguration;
			buildSettings = {
				COMBINE_HIDPI_IMAGES = YES;
				GCC_GENERATE_DEBUGGING_SYMBOLS = YES;
				GCC_INLINES_ARE_PRIVATE_EXTERN = NO;
				GCC_OPTIMIZATION_LEVEL = 0;
				GCC_PREPROCESSOR_DEFINITIONS = ("'CMAKE_INTDIR=\"$(CONFIGURATION)$(EFFECTIVE_PLATFORM_NAME)\"'", );
				GCC_SYMBOLS_PRIVATE_EXTERN = NO;
				HEADER_SEARCH_PATHS = ("/Users/MHReid/Documents/GP2-Labs/GP2CourseWork/GP2CourseWork", "/Users/MHReid/Documents/GP2-Labs/GP2CourseWork/include", /Library/Frameworks/SDL2.framework/Headers, /opt/local/include, /opt/local/include/SDL2, "\"/Applications/Autodesk/FBX SDK/2015.1/include\"", );
				INSTALL_PATH = "";
				OTHER_LDFLAGS = " ";
				OTHER_REZFLAGS = "";
				PRODUCT_NAME = ZERO_CHECK;
				SECTORDER_FLAGS = "";
				SYMROOT = "/Users/MHReid/Documents/GP2-Labs/GP2CourseWork/builds1";
				USE_HEADERMAP = NO;
				WARNING_CFLAGS = ("-Wmost", "-Wno-four-char-constants", "-Wno-unknown-pragmas", "$(inherited)", );
			};
			name = Debug;
		};
		754BD713007B4FBC96FB2175 /* Release */ = {
			isa = XCBuildConfiguration;
			buildSettings = {
				COMBINE_HIDPI_IMAGES = YES;
				GCC_GENERATE_DEBUGGING_SYMBOLS = YES;
				GCC_INLINES_ARE_PRIVATE_EXTERN = NO;
				GCC_OPTIMIZATION_LEVEL = 0;
				GCC_PREPROCESSOR_DEFINITIONS = ("'CMAKE_INTDIR=\"$(CONFIGURATION)$(EFFECTIVE_PLATFORM_NAME)\"'", );
				GCC_SYMBOLS_PRIVATE_EXTERN = NO;
				HEADER_SEARCH_PATHS = ("/Users/MHReid/Documents/GP2-Labs/GP2CourseWork/GP2CourseWork", "/Users/MHReid/Documents/GP2-Labs/GP2CourseWork/include", /Library/Frameworks/SDL2.framework/Headers, /opt/local/include, /opt/local/include/SDL2, "\"/Applications/Autodesk/FBX SDK/2015.1/include\"", );
				INSTALL_PATH = "";
				OTHER_LDFLAGS = " ";
				OTHER_REZFLAGS = "";
				PRODUCT_NAME = ALL_BUILD;
				SECTORDER_FLAGS = "";
				SYMROOT = "/Users/MHReid/Documents/GP2-Labs/GP2CourseWork/builds1";
				USE_HEADERMAP = NO;
				WARNING_CFLAGS = ("-Wmost", "-Wno-four-char-constants", "-Wno-unknown-pragmas", "$(inherited)", );
			};
			name = Release;
		};
		82A442FF46AD4CBC9BE39586 /* Release */ = {
			isa = XCBuildConfiguration;
			buildSettings = {
				COMBINE_HIDPI_IMAGES = YES;
				GCC_GENERATE_DEBUGGING_SYMBOLS = YES;
				GCC_INLINES_ARE_PRIVATE_EXTERN = NO;
				GCC_OPTIMIZATION_LEVEL = 0;
				GCC_PREPROCESSOR_DEFINITIONS = ("'CMAKE_INTDIR=\"$(CONFIGURATION)$(EFFECTIVE_PLATFORM_NAME)\"'", );
				GCC_SYMBOLS_PRIVATE_EXTERN = NO;
				HEADER_SEARCH_PATHS = ("/Users/MHReid/Documents/GP2-Labs/GP2CourseWork/GP2CourseWork", "/Users/MHReid/Documents/GP2-Labs/GP2CourseWork/include", /Library/Frameworks/SDL2.framework/Headers, /opt/local/include, /opt/local/include/SDL2, "\"/Applications/Autodesk/FBX SDK/2015.1/include\"", );
				INSTALL_PATH = "";
				OTHER_LDFLAGS = " ";
				OTHER_REZFLAGS = "";
				PRODUCT_NAME = ZERO_CHECK;
				SECTORDER_FLAGS = "";
				SYMROOT = "/Users/MHReid/Documents/GP2-Labs/GP2CourseWork/builds1";
				USE_HEADERMAP = NO;
				WARNING_CFLAGS = ("-Wmost", "-Wno-four-char-constants", "-Wno-unknown-pragmas", "$(inherited)", );
			};
			name = Release;
		};
		882803ECE3744200A104B460 /* MinSizeRel */ = {
			isa = XCBuildConfiguration;
			buildSettings = {
				COMBINE_HIDPI_IMAGES = YES;
				GCC_GENERATE_DEBUGGING_SYMBOLS = YES;
				GCC_INLINES_ARE_PRIVATE_EXTERN = NO;
				GCC_OPTIMIZATION_LEVEL = 0;
				GCC_PREPROCESSOR_DEFINITIONS = ("'CMAKE_INTDIR=\"$(CONFIGURATION)$(EFFECTIVE_PLATFORM_NAME)\"'", );
				GCC_SYMBOLS_PRIVATE_EXTERN = NO;
				HEADER_SEARCH_PATHS = ("/Users/MHReid/Documents/GP2-Labs/GP2CourseWork/GP2CourseWork", "/Users/MHReid/Documents/GP2-Labs/GP2CourseWork/include", /Library/Frameworks/SDL2.framework/Headers, /opt/local/include, /opt/local/include/SDL2, "\"/Applications/Autodesk/FBX SDK/2015.1/include\"", );
				INSTALL_PATH = "";
				OTHER_LDFLAGS = " ";
				OTHER_REZFLAGS = "";
				PRODUCT_NAME = ZERO_CHECK;
				SECTORDER_FLAGS = "";
				SYMROOT = "/Users/MHReid/Documents/GP2-Labs/GP2CourseWork/builds1";
				USE_HEADERMAP = NO;
				WARNING_CFLAGS = ("-Wmost", "-Wno-four-char-constants", "-Wno-unknown-pragmas", "$(inherited)", );
			};
			name = MinSizeRel;
		};
		95B7C7A00DF147AE8D6AF708 /* MinSizeRel */ = {
			isa = XCBuildConfiguration;
			buildSettings = {
				ONLY_ACTIVE_ARCH = YES;
				SDKROOT = "/Applications/Xcode-beta.app/Contents/Developer/Platforms/MacOSX.platform/Developer/SDKs/MacOSX10.11.sdk";
				SYMROOT = "/Users/MHReid/Documents/GP2-Labs/GP2CourseWork/builds1/build";
			};
			name = MinSizeRel;
		};
		99C5165F9AE44A7BBBC57E8D /* Debug */ = {
			isa = XCBuildConfiguration;
			buildSettings = {
				ONLY_ACTIVE_ARCH = YES;
				SDKROOT = "/Applications/Xcode-beta.app/Contents/Developer/Platforms/MacOSX.platform/Developer/SDKs/MacOSX10.11.sdk";
				SYMROOT = "/Users/MHReid/Documents/GP2-Labs/GP2CourseWork/builds1/build";
			};
			name = Debug;
		};
		ACEC394DB78B468DBC1A7D79 /* RelWithDebInfo */ = {
			isa = XCBuildConfiguration;
			buildSettings = {
				COMBINE_HIDPI_IMAGES = YES;
				GCC_GENERATE_DEBUGGING_SYMBOLS = YES;
				GCC_INLINES_ARE_PRIVATE_EXTERN = NO;
				GCC_OPTIMIZATION_LEVEL = 0;
				GCC_PREPROCESSOR_DEFINITIONS = ("'CMAKE_INTDIR=\"$(CONFIGURATION)$(EFFECTIVE_PLATFORM_NAME)\"'", );
				GCC_SYMBOLS_PRIVATE_EXTERN = NO;
				HEADER_SEARCH_PATHS = ("/Users/MHReid/Documents/GP2-Labs/GP2CourseWork/GP2CourseWork", "/Users/MHReid/Documents/GP2-Labs/GP2CourseWork/include", /Library/Frameworks/SDL2.framework/Headers, /opt/local/include, /opt/local/include/SDL2, "\"/Applications/Autodesk/FBX SDK/2015.1/include\"", );
				INSTALL_PATH = "";
				OTHER_LDFLAGS = " ";
				OTHER_REZFLAGS = "";
				PRODUCT_NAME = ALL_BUILD;
				SECTORDER_FLAGS = "";
				SYMROOT = "/Users/MHReid/Documents/GP2-Labs/GP2CourseWork/builds1";
				USE_HEADERMAP = NO;
				WARNING_CFLAGS = ("-Wmost", "-Wno-four-char-constants", "-Wno-unknown-pragmas", "$(inherited)", );
			};
			name = RelWithDebInfo;
		};
		B40B6514DA12425A8ECB5F80 /* Debug */ = {
			isa = XCBuildConfiguration;
			buildSettings = {
				COMBINE_HIDPI_IMAGES = YES;
				GCC_GENERATE_DEBUGGING_SYMBOLS = YES;
				GCC_INLINES_ARE_PRIVATE_EXTERN = NO;
				GCC_OPTIMIZATION_LEVEL = 0;
				GCC_PREPROCESSOR_DEFINITIONS = ("'CMAKE_INTDIR=\"$(CONFIGURATION)$(EFFECTIVE_PLATFORM_NAME)\"'", );
				GCC_SYMBOLS_PRIVATE_EXTERN = NO;
				HEADER_SEARCH_PATHS = ("/Users/MHReid/Documents/GP2-Labs/GP2CourseWork/GP2CourseWork", "/Users/MHReid/Documents/GP2-Labs/GP2CourseWork/include", /Library/Frameworks/SDL2.framework/Headers, /opt/local/include, /opt/local/include/SDL2, "\"/Applications/Autodesk/FBX SDK/2015.1/include\"", );
				INSTALL_PATH = "";
				OTHER_LDFLAGS = " ";
				OTHER_REZFLAGS = "";
				PRODUCT_NAME = ALL_BUILD;
				SECTORDER_FLAGS = "";
				SYMROOT = "/Users/MHReid/Documents/GP2-Labs/GP2CourseWork/builds1";
				USE_HEADERMAP = NO;
				WARNING_CFLAGS = ("-Wmost", "-Wno-four-char-constants", "-Wno-unknown-pragmas", "$(inherited)", );
			};
			name = Debug;
		};
		B7C6B7DB46BA41B49825CF5C /* RelWithDebInfo */ = {
			isa = XCBuildConfiguration;
			buildSettings = {
				COMBINE_HIDPI_IMAGES = YES;
				GCC_GENERATE_DEBUGGING_SYMBOLS = YES;
				GCC_INLINES_ARE_PRIVATE_EXTERN = NO;
				GCC_OPTIMIZATION_LEVEL = 0;
				GCC_PREPROCESSOR_DEFINITIONS = ("'CMAKE_INTDIR=\"$(CONFIGURATION)$(EFFECTIVE_PLATFORM_NAME)\"'", );
				GCC_SYMBOLS_PRIVATE_EXTERN = NO;
				HEADER_SEARCH_PATHS = ("/Users/MHReid/Documents/GP2-Labs/GP2CourseWork/GP2CourseWork", "/Users/MHReid/Documents/GP2-Labs/GP2CourseWork/include", /Library/Frameworks/SDL2.framework/Headers, /opt/local/include, /opt/local/include/SDL2, "\"/Applications/Autodesk/FBX SDK/2015.1/include\"", );
				INSTALL_PATH = "";
				OTHER_LDFLAGS = " ";
				OTHER_REZFLAGS = "";
				PRODUCT_NAME = ZERO_CHECK;
				SECTORDER_FLAGS = "";
				SYMROOT = "/Users/MHReid/Documents/GP2-Labs/GP2CourseWork/builds1";
				USE_HEADERMAP = NO;
				WARNING_CFLAGS = ("-Wmost", "-Wno-four-char-constants", "-Wno-unknown-pragmas", "$(inherited)", );
			};
			name = RelWithDebInfo;
		};
		B85737F9A4AC4EA086E4A9D4 /* Debug */ = {
			isa = XCBuildConfiguration;
			buildSettings = {
				COMBINE_HIDPI_IMAGES = YES;
				EXECUTABLE_PREFIX = "";
				EXECUTABLE_SUFFIX = "";
				FRAMEWORK_SEARCH_PATHS = (/Library/Frameworks, );
				GCC_GENERATE_DEBUGGING_SYMBOLS = YES;
				GCC_INLINES_ARE_PRIVATE_EXTERN = NO;
				GCC_OPTIMIZATION_LEVEL = 0;
				GCC_PREPROCESSOR_DEFINITIONS = ("'CMAKE_INTDIR=\"$(CONFIGURATION)$(EFFECTIVE_PLATFORM_NAME)\"'", );
				GCC_SYMBOLS_PRIVATE_EXTERN = NO;
				HEADER_SEARCH_PATHS = ("/Users/MHReid/Documents/GP2-Labs/GP2CourseWork/GP2CourseWork", "/Users/MHReid/Documents/GP2-Labs/GP2CourseWork/include", /Library/Frameworks/SDL2.framework/Headers, /opt/local/include, /opt/local/include/SDL2, "\"/Applications/Autodesk/FBX SDK/2015.1/include\"", );
				INSTALL_PATH = "";
				LD_RUNPATH_SEARCH_PATHS = /Library/Frameworks;
				LIBRARY_SEARCH_PATHS = "";
				OTHER_CPLUSPLUSFLAGS = "-std=c++0x      ";
				OTHER_LDFLAGS = " -Wl,-search_paths_first -Wl,-headerpad_max_install_names  -framework SDL2 -framework Cocoa -framework AGL -framework OpenGL /opt/local/lib/libGLEW.dylib /opt/local/lib/libSDL2_image.dylib /opt/local/lib/libSDL2_ttf.dylib \"/Applications/Autodesk/FBX SDK/2015.1/lib/clang/release/libfbxsdk.a\"";
				OTHER_REZFLAGS = "";
				PRODUCT_NAME = GP2CourseWork;
				SECTORDER_FLAGS = "";
				SYMROOT = "/Users/MHReid/Documents/GP2-Labs/GP2CourseWork/builds1";
				USE_HEADERMAP = NO;
				WARNING_CFLAGS = ("-Wmost", "-Wno-four-char-constants", "-Wno-unknown-pragmas", "$(inherited)", );
			};
			name = Debug;
		};
		BC5AF341DE6C4B0DBCF1AB90 /* MinSizeRel */ = {
			isa = XCBuildConfiguration;
			buildSettings = {
				COMBINE_HIDPI_IMAGES = YES;
				EXECUTABLE_PREFIX = "";
				EXECUTABLE_SUFFIX = "";
				FRAMEWORK_SEARCH_PATHS = (/Library/Frameworks, );
				GCC_GENERATE_DEBUGGING_SYMBOLS = NO;
				GCC_INLINES_ARE_PRIVATE_EXTERN = NO;
				GCC_OPTIMIZATION_LEVEL = s;
				GCC_PREPROCESSOR_DEFINITIONS = ("'CMAKE_INTDIR=\"$(CONFIGURATION)$(EFFECTIVE_PLATFORM_NAME)\"'", );
				GCC_SYMBOLS_PRIVATE_EXTERN = NO;
				HEADER_SEARCH_PATHS = ("/Users/MHReid/Documents/GP2-Labs/GP2CourseWork/GP2CourseWork", "/Users/MHReid/Documents/GP2-Labs/GP2CourseWork/include", /Library/Frameworks/SDL2.framework/Headers, /opt/local/include, /opt/local/include/SDL2, "\"/Applications/Autodesk/FBX SDK/2015.1/include\"", );
				INSTALL_PATH = "";
				LD_RUNPATH_SEARCH_PATHS = /Library/Frameworks;
				LIBRARY_SEARCH_PATHS = "";
				OTHER_CPLUSPLUSFLAGS = "-std=c++0x      -DNDEBUG  ";
				OTHER_LDFLAGS = " -Wl,-search_paths_first -Wl,-headerpad_max_install_names  -framework SDL2 -framework Cocoa -framework AGL -framework OpenGL /opt/local/lib/libGLEW.dylib /opt/local/lib/libSDL2_image.dylib /opt/local/lib/libSDL2_ttf.dylib \"/Applications/Autodesk/FBX SDK/2015.1/lib/clang/release/libfbxsdk.a\"";
				OTHER_REZFLAGS = "";
				PRODUCT_NAME = GP2CourseWork;
				SECTORDER_FLAGS = "";
				SYMROOT = "/Users/MHReid/Documents/GP2-Labs/GP2CourseWork/builds1";
				USE_HEADERMAP = NO;
				WARNING_CFLAGS = ("-Wmost", "-Wno-four-char-constants", "-Wno-unknown-pragmas", "$(inherited)", );
			};
			name = MinSizeRel;
		};
		C527ABC9C30F462DA9C3BBC6 /* RelWithDebInfo */ = {
			isa = XCBuildConfiguration;
			buildSettings = {
				COMBINE_HIDPI_IMAGES = YES;
				EXECUTABLE_PREFIX = "";
				EXECUTABLE_SUFFIX = "";
				FRAMEWORK_SEARCH_PATHS = (/Library/Frameworks, );
				GCC_GENERATE_DEBUGGING_SYMBOLS = YES;
				GCC_INLINES_ARE_PRIVATE_EXTERN = NO;
				GCC_OPTIMIZATION_LEVEL = 2;
				GCC_PREPROCESSOR_DEFINITIONS = ("'CMAKE_INTDIR=\"$(CONFIGURATION)$(EFFECTIVE_PLATFORM_NAME)\"'", );
				GCC_SYMBOLS_PRIVATE_EXTERN = NO;
				HEADER_SEARCH_PATHS = ("/Users/MHReid/Documents/GP2-Labs/GP2CourseWork/GP2CourseWork", "/Users/MHReid/Documents/GP2-Labs/GP2CourseWork/include", /Library/Frameworks/SDL2.framework/Headers, /opt/local/include, /opt/local/include/SDL2, "\"/Applications/Autodesk/FBX SDK/2015.1/include\"", );
				INSTALL_PATH = "";
				LD_RUNPATH_SEARCH_PATHS = /Library/Frameworks;
				LIBRARY_SEARCH_PATHS = "";
				OTHER_CPLUSPLUSFLAGS = "-std=c++0x         -DNDEBUG  ";
				OTHER_LDFLAGS = " -Wl,-search_paths_first -Wl,-headerpad_max_install_names  -framework SDL2 -framework Cocoa -framework AGL -framework OpenGL /opt/local/lib/libGLEW.dylib /opt/local/lib/libSDL2_image.dylib /opt/local/lib/libSDL2_ttf.dylib \"/Applications/Autodesk/FBX SDK/2015.1/lib/clang/release/libfbxsdk.a\"";
				OTHER_REZFLAGS = "";
				PRODUCT_NAME = GP2CourseWork;
				SECTORDER_FLAGS = "";
				SYMROOT = "/Users/MHReid/Documents/GP2-Labs/GP2CourseWork/builds1";
				USE_HEADERMAP = NO;
				WARNING_CFLAGS = ("-Wmost", "-Wno-four-char-constants", "-Wno-unknown-pragmas", "$(inherited)", );
			};
			name = RelWithDebInfo;
		};
		E8CAF1C4262D40E39092D7A6 /* Release */ = {
			isa = XCBuildConfiguration;
			buildSettings = {
				COMBINE_HIDPI_IMAGES = YES;
				EXECUTABLE_PREFIX = "";
				EXECUTABLE_SUFFIX = "";
				FRAMEWORK_SEARCH_PATHS = (/Library/Frameworks, );
				GCC_GENERATE_DEBUGGING_SYMBOLS = NO;
				GCC_INLINES_ARE_PRIVATE_EXTERN = NO;
				GCC_OPTIMIZATION_LEVEL = 3;
				GCC_PREPROCESSOR_DEFINITIONS = ("'CMAKE_INTDIR=\"$(CONFIGURATION)$(EFFECTIVE_PLATFORM_NAME)\"'", );
				GCC_SYMBOLS_PRIVATE_EXTERN = NO;
				HEADER_SEARCH_PATHS = ("/Users/MHReid/Documents/GP2-Labs/GP2CourseWork/GP2CourseWork", "/Users/MHReid/Documents/GP2-Labs/GP2CourseWork/include", /Library/Frameworks/SDL2.framework/Headers, /opt/local/include, /opt/local/include/SDL2, "\"/Applications/Autodesk/FBX SDK/2015.1/include\"", );
				INSTALL_PATH = "";
				LD_RUNPATH_SEARCH_PATHS = /Library/Frameworks;
				LIBRARY_SEARCH_PATHS = "";
				OTHER_CPLUSPLUSFLAGS = "-std=c++0x      -DNDEBUG  ";
				OTHER_LDFLAGS = " -Wl,-search_paths_first -Wl,-headerpad_max_install_names  -framework SDL2 -framework Cocoa -framework AGL -framework OpenGL /opt/local/lib/libGLEW.dylib /opt/local/lib/libSDL2_image.dylib /opt/local/lib/libSDL2_ttf.dylib \"/Applications/Autodesk/FBX SDK/2015.1/lib/clang/release/libfbxsdk.a\"";
				OTHER_REZFLAGS = "";
				PRODUCT_NAME = GP2CourseWork;
				SECTORDER_FLAGS = "";
				SYMROOT = "/Users/MHReid/Documents/GP2-Labs/GP2CourseWork/builds1";
				USE_HEADERMAP = NO;
				WARNING_CFLAGS = ("-Wmost", "-Wno-four-char-constants", "-Wno-unknown-pragmas", "$(inherited)", );
			};
			name = Release;
		};
		EC6ACB19CB35449BB57E5578 /* RelWithDebInfo */ = {
			isa = XCBuildConfiguration;
			buildSettings = {
				ONLY_ACTIVE_ARCH = YES;
				SDKROOT = "/Applications/Xcode-beta.app/Contents/Developer/Platforms/MacOSX.platform/Developer/SDKs/MacOSX10.11.sdk";
				SYMROOT = "/Users/MHReid/Documents/GP2-Labs/GP2CourseWork/builds1/build";
			};
			name = RelWithDebInfo;
		};
/* End XCBuildConfiguration section */

/* Begin XCConfigurationList section */
		173CEBA2E86C4D5CA44A5503 /* Build configuration list for PBXAggregateTarget "ALL_BUILD" */ = {
			isa = XCConfigurationList;
			buildConfigurations = (
				B40B6514DA12425A8ECB5F80 /* Debug */,
				754BD713007B4FBC96FB2175 /* Release */,
				3210EBE0CE3944758A43AEB0 /* MinSizeRel */,
				ACEC394DB78B468DBC1A7D79 /* RelWithDebInfo */,
			);
			defaultConfigurationIsVisible = 0;
			defaultConfigurationName = Debug;
		};
		29A39E713A9843BFB2AB55AC /* Build configuration list for PBXProject "GP2CourseWork" */ = {
			isa = XCConfigurationList;
			buildConfigurations = (
				99C5165F9AE44A7BBBC57E8D /* Debug */,
				2DE66A0F3F7B4BC78B2050EA /* Release */,
				95B7C7A00DF147AE8D6AF708 /* MinSizeRel */,
				EC6ACB19CB35449BB57E5578 /* RelWithDebInfo */,
			);
			defaultConfigurationIsVisible = 0;
			defaultConfigurationName = Debug;
		};
		70E183CB26C545FC9EE79E8E /* Build configuration list for PBXNativeTarget "GP2CourseWork" */ = {
			isa = XCConfigurationList;
			buildConfigurations = (
				B85737F9A4AC4EA086E4A9D4 /* Debug */,
				E8CAF1C4262D40E39092D7A6 /* Release */,
				BC5AF341DE6C4B0DBCF1AB90 /* MinSizeRel */,
				C527ABC9C30F462DA9C3BBC6 /* RelWithDebInfo */,
			);
			defaultConfigurationIsVisible = 0;
			defaultConfigurationName = Debug;
		};
		AC9ACAACDE244615987F1885 /* Build configuration list for PBXAggregateTarget "ZERO_CHECK" */ = {
			isa = XCConfigurationList;
			buildConfigurations = (
				5A8D67FF89084A76AA5F0269 /* Debug */,
				82A442FF46AD4CBC9BE39586 /* Release */,
				882803ECE3744200A104B460 /* MinSizeRel */,
				B7C6B7DB46BA41B49825CF5C /* RelWithDebInfo */,
			);
			defaultConfigurationIsVisible = 0;
			defaultConfigurationName = Debug;
		};
/* End XCConfigurationList section */
	};
	rootObject = 9E84CBF5017043BF8E8FD0F1 /* Project object */;
}
