// !$*UTF8*$!
{
	archiveVersion = 1;
	classes = {
	};
	objectVersion = 46;
	objects = {

/* Begin PBXAggregateTarget section */
		3332D770377148D89A491FCB /* ALL_BUILD */ = {
			isa = PBXAggregateTarget;
			buildConfigurationList = 0BA55047BE7C42058AC47EF6 /* Build configuration list for PBXAggregateTarget "ALL_BUILD" */;
			buildPhases = (
				8ABD0999004E4C6A9A153189 /* CMake Rules */,
			);
			dependencies = (
				FE12C46DF89F4F649A545A3E /* PBXTargetDependency */,
				87B88CDE4EBA4F4C8629FAEB /* PBXTargetDependency */,
			);
			name = ALL_BUILD;
			productName = ALL_BUILD;
		};
		604AC7DA8AD340478C5D3206 /* ZERO_CHECK */ = {
			isa = PBXAggregateTarget;
			buildConfigurationList = 19399E0BB1CF47139526320F /* Build configuration list for PBXAggregateTarget "ZERO_CHECK" */;
			buildPhases = (
				2D12E92B5AC54EF68A53BA41 /* CMake Rules */,
			);
			dependencies = (
			);
			name = ZERO_CHECK;
			productName = ZERO_CHECK;
		};
/* End PBXAggregateTarget section */

/* Begin PBXBuildFile section */
		14C2DBFCBC594E58A2C01332 /* Texture.cpp in Sources */ = {isa = PBXBuildFile; fileRef = DF99E91EEDEB4E5183DB0B25 /* Texture.cpp */; settings = {COMPILER_FLAGS = ""; }; };
		3AF4204B88914FDEAA8988E0 /* FBXLoader.cpp in Sources */ = {isa = PBXBuildFile; fileRef = 5637A725A9C745948C8F56E2 /* FBXLoader.cpp */; settings = {COMPILER_FLAGS = ""; }; };
		674EEEB323C0464D9266F020 /* main.cpp in Sources */ = {isa = PBXBuildFile; fileRef = E4374293FE83416CBB07FE65 /* main.cpp */; settings = {COMPILER_FLAGS = ""; }; };
		93E29357D98C4C4B9CA2E0DD /* GameObject.cpp in Sources */ = {isa = PBXBuildFile; fileRef = 6B3E59A945074924984A1276 /* GameObject.cpp */; settings = {COMPILER_FLAGS = ""; }; };
		9D13D4B6A31A435C8649AAC4 /* Graphics.cpp in Sources */ = {isa = PBXBuildFile; fileRef = BC33D30CC5BA417C84B0C890 /* Graphics.cpp */; settings = {COMPILER_FLAGS = ""; }; };
		A87168A3F18542B88214A9BF /* Shader.cpp in Sources */ = {isa = PBXBuildFile; fileRef = 03F929C1AC354B3CB3D8B7D5 /* Shader.cpp */; settings = {COMPILER_FLAGS = ""; }; };
		C6675D18F95B457C8D1F770F /* FileSystem.cpp in Sources */ = {isa = PBXBuildFile; fileRef = 0243FAD200984F87871981B3 /* FileSystem.cpp */; settings = {COMPILER_FLAGS = ""; }; };
/* End PBXBuildFile section */

/* Begin PBXContainerItemProxy section */
		1A12DA66708C4D58AE09A282 /* PBXContainerItemProxy */ = {
			isa = PBXContainerItemProxy;
			containerPortal = D5B4AB1D8F8145EBB36CD02D /* Project object */;
			proxyType = 1;
			remoteGlobalIDString = 604AC7DA8AD340478C5D3206;
			remoteInfo = ZERO_CHECK;
		};
		27129B7302EC4401AD9D41C2 /* PBXContainerItemProxy */ = {
			isa = PBXContainerItemProxy;
			containerPortal = D5B4AB1D8F8145EBB36CD02D /* Project object */;
			proxyType = 1;
			remoteGlobalIDString = 604AC7DA8AD340478C5D3206;
			remoteInfo = ZERO_CHECK;
		};
		5908D609BCEF4945906587A0 /* PBXContainerItemProxy */ = {
			isa = PBXContainerItemProxy;
			containerPortal = D5B4AB1D8F8145EBB36CD02D /* Project object */;
			proxyType = 1;
			remoteGlobalIDString = 05F7AE3FFA384ADCAD1CD59F;
			remoteInfo = GP2BaseCode;
		};
/* End PBXContainerItemProxy section */

/* Begin PBXFileReference section */
		00A89A2EC59044819C388811 /* GP2BaseCode */ = {isa = PBXFileReference; explicitFileType = "compiled.mach-o.executable"; path = GP2BaseCode; sourceTree = BUILT_PRODUCTS_DIR; };
		0243FAD200984F87871981B3 /* FileSystem.cpp */ = {isa = PBXFileReference; explicitFileType = sourcecode.cpp.cpp; fileEncoding = 4; name = FileSystem.cpp; path = src/FileSystem.cpp; sourceTree = SOURCE_ROOT; };
		03F929C1AC354B3CB3D8B7D5 /* Shader.cpp */ = {isa = PBXFileReference; explicitFileType = sourcecode.cpp.cpp; fileEncoding = 4; name = Shader.cpp; path = src/Shader.cpp; sourceTree = SOURCE_ROOT; };
		0AA6B6550B6E4A23995C3105 /* FileSystem.h */ = {isa = PBXFileReference; explicitFileType = sourcecode.c.h; fileEncoding = 4; name = FileSystem.h; path = include/FileSystem.h; sourceTree = SOURCE_ROOT; };
		0E28C950E1C14A04B8AF6624 /* Shader.h */ = {isa = PBXFileReference; explicitFileType = sourcecode.c.h; fileEncoding = 4; name = Shader.h; path = include/Shader.h; sourceTree = SOURCE_ROOT; };
		2C860EF11C074D2E00297516 /* Material.h */ = {isa = PBXFileReference; fileEncoding = 4; lastKnownFileType = sourcecode.c.h; name = Material.h; path = include/Material.h; sourceTree = "<group>"; };
		2C860EF21C074D3300297516 /* Material.cpp */ = {isa = PBXFileReference; fileEncoding = 4; lastKnownFileType = sourcecode.cpp.cpp; name = Material.cpp; path = src/Material.cpp; sourceTree = "<group>"; };
		3901697C054F471E95B94824 /* FBXLoader.h */ = {isa = PBXFileReference; explicitFileType = sourcecode.c.h; fileEncoding = 4; name = FBXLoader.h; path = include/FBXLoader.h; sourceTree = SOURCE_ROOT; };
		469B82CCDE34407B9E565A31 /* Common.h */ = {isa = PBXFileReference; explicitFileType = sourcecode.c.h; fileEncoding = 4; name = Common.h; path = include/Common.h; sourceTree = SOURCE_ROOT; };
		53F99D189F1B457ABFBE6E82 /* CMakeLists.txt */ = {isa = PBXFileReference; explicitFileType = sourcecode.text; fileEncoding = 4; lastKnownFileType = text; path = CMakeLists.txt; sourceTree = SOURCE_ROOT; };
		5637A725A9C745948C8F56E2 /* FBXLoader.cpp */ = {isa = PBXFileReference; explicitFileType = sourcecode.cpp.cpp; fileEncoding = 4; name = FBXLoader.cpp; path = src/FBXLoader.cpp; sourceTree = SOURCE_ROOT; };
		6B3E59A945074924984A1276 /* GameObject.cpp */ = {isa = PBXFileReference; explicitFileType = sourcecode.cpp.cpp; fileEncoding = 4; name = GameObject.cpp; path = src/GameObject.cpp; sourceTree = SOURCE_ROOT; };
		A39302DA5AC7427FA19E981C /* Vertices.h */ = {isa = PBXFileReference; explicitFileType = sourcecode.c.h; fileEncoding = 4; name = Vertices.h; path = include/Vertices.h; sourceTree = SOURCE_ROOT; };
		BC33D30CC5BA417C84B0C890 /* Graphics.cpp */ = {isa = PBXFileReference; explicitFileType = sourcecode.cpp.cpp; fileEncoding = 4; name = Graphics.cpp; path = src/Graphics.cpp; sourceTree = SOURCE_ROOT; };
		C99292473AC24E90803CB8BD /* CMakeLists.txt */ = {isa = PBXFileReference; explicitFileType = sourcecode.text; fileEncoding = 4; lastKnownFileType = text; path = CMakeLists.txt; sourceTree = SOURCE_ROOT; };
		D917B03EE81840DAB7664366 /* Texture.h */ = {isa = PBXFileReference; explicitFileType = sourcecode.c.h; fileEncoding = 4; name = Texture.h; path = include/Texture.h; sourceTree = SOURCE_ROOT; };
		DB34D30396454C3BBA3DE086 /* CMakeLists.txt */ = {isa = PBXFileReference; explicitFileType = sourcecode.text; fileEncoding = 4; lastKnownFileType = text; path = CMakeLists.txt; sourceTree = SOURCE_ROOT; };
		DBB0065CBE5F463FB4E6075F /* GameObject.h */ = {isa = PBXFileReference; explicitFileType = sourcecode.c.h; fileEncoding = 4; name = GameObject.h; path = include/GameObject.h; sourceTree = SOURCE_ROOT; };
		DD0A154B0DB3430D8CBA5FE5 /* Mesh.h */ = {isa = PBXFileReference; explicitFileType = sourcecode.c.h; fileEncoding = 4; name = Mesh.h; path = include/Mesh.h; sourceTree = SOURCE_ROOT; };
		DF99E91EEDEB4E5183DB0B25 /* Texture.cpp */ = {isa = PBXFileReference; explicitFileType = sourcecode.cpp.cpp; fileEncoding = 4; name = Texture.cpp; path = src/Texture.cpp; sourceTree = SOURCE_ROOT; };
		E4374293FE83416CBB07FE65 /* main.cpp */ = {isa = PBXFileReference; explicitFileType = sourcecode.cpp.cpp; fileEncoding = 4; name = main.cpp; path = src/main.cpp; sourceTree = SOURCE_ROOT; };
		F3DB3B927EA34AAF86541596 /* Graphics.h */ = {isa = PBXFileReference; explicitFileType = sourcecode.c.h; fileEncoding = 4; name = Graphics.h; path = include/Graphics.h; sourceTree = SOURCE_ROOT; };
/* End PBXFileReference section */

/* Begin PBXGroup section */
		2BD2B13A8B5A4F82A259E5FE = {
			isa = PBXGroup;
			children = (
				9911E4B93C1C4A049146EE78 /* Sources */,
				40582663C50F4AE0879690BA /* Resources */,
				8B34AB1D3109494C81415209 /* Products */,
			);
			sourceTree = "<group>";
		};
		3342D280573A426F98D17CBD /* ZERO_CHECK */ = {
			isa = PBXGroup;
			children = (
				FF6B1B6C88344CD29B765150 /* CMake Rules */,
				53F99D189F1B457ABFBE6E82 /* CMakeLists.txt */,
			);
			name = ZERO_CHECK;
			sourceTree = "<group>";
		};
		39BC161C8D11473185C7ABF1 /* ALL_BUILD */ = {
			isa = PBXGroup;
			children = (
				A04F48DC140441EAB01EFA4E /* CMake Rules */,
				C99292473AC24E90803CB8BD /* CMakeLists.txt */,
			);
			name = ALL_BUILD;
			sourceTree = "<group>";
		};
		40582663C50F4AE0879690BA /* Resources */ = {
			isa = PBXGroup;
			children = (
			);
			name = Resources;
			sourceTree = "<group>";
		};
		6279DD3F0C394A0BA0880901 /* Header Files */ = {
			isa = PBXGroup;
			children = (
				469B82CCDE34407B9E565A31 /* Common.h */,
				3901697C054F471E95B94824 /* FBXLoader.h */,
				0AA6B6550B6E4A23995C3105 /* FileSystem.h */,
				DBB0065CBE5F463FB4E6075F /* GameObject.h */,
				F3DB3B927EA34AAF86541596 /* Graphics.h */,
				DD0A154B0DB3430D8CBA5FE5 /* Mesh.h */,
				0E28C950E1C14A04B8AF6624 /* Shader.h */,
				D917B03EE81840DAB7664366 /* Texture.h */,
				A39302DA5AC7427FA19E981C /* Vertices.h */,
			);
			name = "Header Files";
			sourceTree = "<group>";
		};
		7846D972E9F94DF28221B632 /* Source Files */ = {
			isa = PBXGroup;
			children = (
				5637A725A9C745948C8F56E2 /* FBXLoader.cpp */,
				0243FAD200984F87871981B3 /* FileSystem.cpp */,
				6B3E59A945074924984A1276 /* GameObject.cpp */,
				BC33D30CC5BA417C84B0C890 /* Graphics.cpp */,
				03F929C1AC354B3CB3D8B7D5 /* Shader.cpp */,
				DF99E91EEDEB4E5183DB0B25 /* Texture.cpp */,
				E4374293FE83416CBB07FE65 /* main.cpp */,
			);
			name = "Source Files";
			sourceTree = "<group>";
		};
		8B34AB1D3109494C81415209 /* Products */ = {
			isa = PBXGroup;
			children = (
				00A89A2EC59044819C388811 /* GP2BaseCode */,
			);
			name = Products;
			sourceTree = "<group>";
		};
		9911E4B93C1C4A049146EE78 /* Sources */ = {
			isa = PBXGroup;
			children = (
				39BC161C8D11473185C7ABF1 /* ALL_BUILD */,
				C316F63C8153420B92EB8946 /* GP2BaseCode */,
				3342D280573A426F98D17CBD /* ZERO_CHECK */,
			);
			name = Sources;
			sourceTree = "<group>";
		};
		A04F48DC140441EAB01EFA4E /* CMake Rules */ = {
			isa = PBXGroup;
			children = (
			);
			name = "CMake Rules";
			sourceTree = "<group>";
		};
		C316F63C8153420B92EB8946 /* GP2BaseCode */ = {
			isa = PBXGroup;
			children = (
				2C860EF21C074D3300297516 /* Material.cpp */,
				2C860EF11C074D2E00297516 /* Material.h */,
				7846D972E9F94DF28221B632 /* Source Files */,
				6279DD3F0C394A0BA0880901 /* Header Files */,
				DB34D30396454C3BBA3DE086 /* CMakeLists.txt */,
			);
			name = GP2BaseCode;
			sourceTree = "<group>";
		};
		FF6B1B6C88344CD29B765150 /* CMake Rules */ = {
			isa = PBXGroup;
			children = (
			);
			name = "CMake Rules";
			sourceTree = "<group>";
		};
/* End PBXGroup section */

/* Begin PBXNativeTarget section */
		05F7AE3FFA384ADCAD1CD59F /* GP2BaseCode */ = {
			isa = PBXNativeTarget;
			buildConfigurationList = B79281A82C7F4AFF9A3D7D23 /* Build configuration list for PBXNativeTarget "GP2BaseCode" */;
			buildPhases = (
				B9300520FCD54FBEBBD84E6A /* CMake PreBuild Rules */,
				900072D7856046BE8A0CD986 /* Sources */,
			);
			buildRules = (
			);
			dependencies = (
				E12E73D749D545159EAF7CA4 /* PBXTargetDependency */,
			);
			name = GP2BaseCode;
			productName = GP2BaseCode;
			productReference = 00A89A2EC59044819C388811 /* GP2BaseCode */;
			productType = "com.apple.product-type.tool";
		};
/* End PBXNativeTarget section */

/* Begin PBXProject section */
		D5B4AB1D8F8145EBB36CD02D /* Project object */ = {
			isa = PBXProject;
			attributes = {
				BuildIndependentTargetsInParallel = YES;
			};
			buildConfigurationList = 7C0D57DD0F1041449C272DC1 /* Build configuration list for PBXProject "GP2BaseCode" */;
			compatibilityVersion = "Xcode 3.2";
			developmentRegion = English;
			hasScannedForEncodings = 0;
			knownRegions = (
				en,
			);
			mainGroup = 2BD2B13A8B5A4F82A259E5FE;
			projectDirPath = ../;
			projectRoot = "";
			targets = (
				3332D770377148D89A491FCB /* ALL_BUILD */,
				05F7AE3FFA384ADCAD1CD59F /* GP2BaseCode */,
				604AC7DA8AD340478C5D3206 /* ZERO_CHECK */,
			);
		};
/* End PBXProject section */

/* Begin PBXShellScriptBuildPhase section */
		2D12E92B5AC54EF68A53BA41 /* CMake Rules */ = {
			isa = PBXShellScriptBuildPhase;
			buildActionMask = 2147483647;
			files = (
			);
			name = "CMake Rules";
			runOnlyForDeploymentPostprocessing = 0;
			shellPath = /bin/sh;
			shellScript = "make -C /Users/MHReid/Documents/GP2-Labs/GP2CourseWork/builds1 -f /Users/MHReid/Documents/GP2-Labs/GP2CourseWork/builds1/CMakeScripts/ZERO_CHECK_cmakeRulesBuildPhase.make$CONFIGURATION all";
			showEnvVarsInLog = 0;
		};
		8ABD0999004E4C6A9A153189 /* CMake Rules */ = {
			isa = PBXShellScriptBuildPhase;
			buildActionMask = 2147483647;
			files = (
			);
			name = "CMake Rules";
			runOnlyForDeploymentPostprocessing = 0;
			shellPath = /bin/sh;
			shellScript = "make -C /Users/MHReid/Documents/GP2-Labs/GP2CourseWork/builds1 -f /Users/MHReid/Documents/GP2-Labs/GP2CourseWork/builds1/CMakeScripts/ALL_BUILD_cmakeRulesBuildPhase.make$CONFIGURATION all";
			showEnvVarsInLog = 0;
		};
		B9300520FCD54FBEBBD84E6A /* CMake PreBuild Rules */ = {
			isa = PBXShellScriptBuildPhase;
			buildActionMask = 2147483647;
			files = (
			);
			name = "CMake PreBuild Rules";
			runOnlyForDeploymentPostprocessing = 0;
			shellPath = /bin/sh;
			shellScript = "make -C /Users/MHReid/Documents/GP2-Labs/GP2CourseWork/builds1 -f /Users/MHReid/Documents/GP2-Labs/GP2CourseWork/builds1/CMakeScripts/GP2BaseCode_preBuildCommands.make$CONFIGURATION all";
			showEnvVarsInLog = 0;
		};
/* End PBXShellScriptBuildPhase section */

/* Begin PBXSourcesBuildPhase section */
		900072D7856046BE8A0CD986 /* Sources */ = {
			isa = PBXSourcesBuildPhase;
			buildActionMask = 2147483647;
			files = (
				3AF4204B88914FDEAA8988E0 /* FBXLoader.cpp in Sources */,
				C6675D18F95B457C8D1F770F /* FileSystem.cpp in Sources */,
				93E29357D98C4C4B9CA2E0DD /* GameObject.cpp in Sources */,
				9D13D4B6A31A435C8649AAC4 /* Graphics.cpp in Sources */,
				A87168A3F18542B88214A9BF /* Shader.cpp in Sources */,
				14C2DBFCBC594E58A2C01332 /* Texture.cpp in Sources */,
				674EEEB323C0464D9266F020 /* main.cpp in Sources */,
			);
			runOnlyForDeploymentPostprocessing = 0;
		};
/* End PBXSourcesBuildPhase section */

/* Begin PBXTargetDependency section */
		87B88CDE4EBA4F4C8629FAEB /* PBXTargetDependency */ = {
			isa = PBXTargetDependency;
			target = 05F7AE3FFA384ADCAD1CD59F /* GP2BaseCode */;
			targetProxy = 5908D609BCEF4945906587A0 /* PBXContainerItemProxy */;
		};
		E12E73D749D545159EAF7CA4 /* PBXTargetDependency */ = {
			isa = PBXTargetDependency;
			target = 604AC7DA8AD340478C5D3206 /* ZERO_CHECK */;
			targetProxy = 1A12DA66708C4D58AE09A282 /* PBXContainerItemProxy */;
		};
		FE12C46DF89F4F649A545A3E /* PBXTargetDependency */ = {
			isa = PBXTargetDependency;
			target = 604AC7DA8AD340478C5D3206 /* ZERO_CHECK */;
			targetProxy = 27129B7302EC4401AD9D41C2 /* PBXContainerItemProxy */;
		};
/* End PBXTargetDependency section */

/* Begin XCBuildConfiguration section */
		01F8AF7456D74CD487689D41 /* Debug */ = {
			isa = XCBuildConfiguration;
			buildSettings = {
				ONLY_ACTIVE_ARCH = YES;
				SDKROOT = "/Applications/Xcode-beta.app/Contents/Developer/Platforms/MacOSX.platform/Developer/SDKs/MacOSX10.11.sdk";
				SYMROOT = "/Users/MHReid/Documents/GP2-Labs/GP2CourseWork/builds1/build";
			};
			name = Debug;
		};
		224FC9F488CD4189ABF61D98 /* Release */ = {
			isa = XCBuildConfiguration;
			buildSettings = {
				COMBINE_HIDPI_IMAGES = YES;
				GCC_GENERATE_DEBUGGING_SYMBOLS = YES;
				GCC_INLINES_ARE_PRIVATE_EXTERN = NO;
				GCC_OPTIMIZATION_LEVEL = 0;
				GCC_PREPROCESSOR_DEFINITIONS = "'CMAKE_INTDIR=\"$(CONFIGURATION)$(EFFECTIVE_PLATFORM_NAME)\"'";
				GCC_SYMBOLS_PRIVATE_EXTERN = NO;
				HEADER_SEARCH_PATHS = (
					"/Users/MHReid/Documents/GP2-Labs/GP2CourseWork/GP2BaseCode",
					"/Users/MHReid/Documents/GP2-Labs/GP2CourseWork/include",
					/Library/Frameworks/SDL2.framework/Headers,
					/opt/local/include,
					/opt/local/include/SDL2,
					"\"/Applications/Autodesk/FBX SDK/2015.1/include\"",
				);
				INSTALL_PATH = "";
				OTHER_LDFLAGS = " ";
				OTHER_REZFLAGS = "";
				PRODUCT_NAME = ZERO_CHECK;
				SECTORDER_FLAGS = "";
				SYMROOT = "/Users/MHReid/Documents/GP2-Labs/GP2CourseWork/builds1";
				USE_HEADERMAP = NO;
				WARNING_CFLAGS = (
					"-Wmost",
					"-Wno-four-char-constants",
					"-Wno-unknown-pragmas",
					"$(inherited)",
				);
			};
			name = Release;
		};
		295A2A52C9A547D2B183E676 /* MinSizeRel */ = {
			isa = XCBuildConfiguration;
			buildSettings = {
				COMBINE_HIDPI_IMAGES = YES;
				GCC_GENERATE_DEBUGGING_SYMBOLS = YES;
				GCC_INLINES_ARE_PRIVATE_EXTERN = NO;
				GCC_OPTIMIZATION_LEVEL = 0;
				GCC_PREPROCESSOR_DEFINITIONS = "'CMAKE_INTDIR=\"$(CONFIGURATION)$(EFFECTIVE_PLATFORM_NAME)\"'";
				GCC_SYMBOLS_PRIVATE_EXTERN = NO;
				HEADER_SEARCH_PATHS = (
					"/Users/MHReid/Documents/GP2-Labs/GP2CourseWork/GP2BaseCode",
					"/Users/MHReid/Documents/GP2-Labs/GP2CourseWork/include",
					/Library/Frameworks/SDL2.framework/Headers,
					/opt/local/include,
					/opt/local/include/SDL2,
					"\"/Applications/Autodesk/FBX SDK/2015.1/include\"",
				);
				INSTALL_PATH = "";
				OTHER_LDFLAGS = " ";
				OTHER_REZFLAGS = "";
				PRODUCT_NAME = ALL_BUILD;
				SECTORDER_FLAGS = "";
				SYMROOT = "/Users/MHReid/Documents/GP2-Labs/GP2CourseWork/builds1";
				USE_HEADERMAP = NO;
				WARNING_CFLAGS = (
					"-Wmost",
					"-Wno-four-char-constants",
					"-Wno-unknown-pragmas",
					"$(inherited)",
				);
			};
			name = MinSizeRel;
		};
		2CE651941DB94DA38640DF1C /* RelWithDebInfo */ = {
			isa = XCBuildConfiguration;
			buildSettings = {
				COMBINE_HIDPI_IMAGES = YES;
				GCC_GENERATE_DEBUGGING_SYMBOLS = YES;
				GCC_INLINES_ARE_PRIVATE_EXTERN = NO;
				GCC_OPTIMIZATION_LEVEL = 0;
				GCC_PREPROCESSOR_DEFINITIONS = "'CMAKE_INTDIR=\"$(CONFIGURATION)$(EFFECTIVE_PLATFORM_NAME)\"'";
				GCC_SYMBOLS_PRIVATE_EXTERN = NO;
				HEADER_SEARCH_PATHS = (
					"/Users/MHReid/Documents/GP2-Labs/GP2CourseWork/GP2BaseCode",
					"/Users/MHReid/Documents/GP2-Labs/GP2CourseWork/include",
					/Library/Frameworks/SDL2.framework/Headers,
					/opt/local/include,
					/opt/local/include/SDL2,
					"\"/Applications/Autodesk/FBX SDK/2015.1/include\"",
				);
				INSTALL_PATH = "";
				OTHER_LDFLAGS = " ";
				OTHER_REZFLAGS = "";
				PRODUCT_NAME = ZERO_CHECK;
				SECTORDER_FLAGS = "";
				SYMROOT = "/Users/MHReid/Documents/GP2-Labs/GP2CourseWork/builds1";
				USE_HEADERMAP = NO;
				WARNING_CFLAGS = (
					"-Wmost",
					"-Wno-four-char-constants",
					"-Wno-unknown-pragmas",
					"$(inherited)",
				);
			};
			name = RelWithDebInfo;
		};
		4626C1CD3638457FA6C2FF93 /* RelWithDebInfo */ = {
			isa = XCBuildConfiguration;
			buildSettings = {
				ONLY_ACTIVE_ARCH = YES;
				SDKROOT = "/Applications/Xcode-beta.app/Contents/Developer/Platforms/MacOSX.platform/Developer/SDKs/MacOSX10.11.sdk";
				SYMROOT = "/Users/MHReid/Documents/GP2-Labs/GP2CourseWork/builds1/build";
			};
			name = RelWithDebInfo;
		};
		5463E0C58FE64837945BCA0D /* RelWithDebInfo */ = {
			isa = XCBuildConfiguration;
			buildSettings = {
				COMBINE_HIDPI_IMAGES = YES;
				EXECUTABLE_PREFIX = "";
				EXECUTABLE_SUFFIX = "";
				FRAMEWORK_SEARCH_PATHS = /Library/Frameworks;
				GCC_GENERATE_DEBUGGING_SYMBOLS = YES;
				GCC_INLINES_ARE_PRIVATE_EXTERN = NO;
				GCC_OPTIMIZATION_LEVEL = 2;
				GCC_PREPROCESSOR_DEFINITIONS = "'CMAKE_INTDIR=\"$(CONFIGURATION)$(EFFECTIVE_PLATFORM_NAME)\"'";
				GCC_SYMBOLS_PRIVATE_EXTERN = NO;
				HEADER_SEARCH_PATHS = (
					"/Users/MHReid/Documents/GP2-Labs/GP2CourseWork/GP2BaseCode",
					"/Users/MHReid/Documents/GP2-Labs/GP2CourseWork/include",
					/Library/Frameworks/SDL2.framework/Headers,
					/opt/local/include,
					/opt/local/include/SDL2,
					"\"/Applications/Autodesk/FBX SDK/2015.1/include\"",
				);
				INSTALL_PATH = "";
				LD_RUNPATH_SEARCH_PATHS = /Library/Frameworks;
				LIBRARY_SEARCH_PATHS = "";
				OTHER_CPLUSPLUSFLAGS = (
					"-std=c++0x",
					"-DNDEBUG",
				);
				OTHER_LDFLAGS = (
					"-Wl,-search_paths_first",
					"-Wl,-headerpad_max_install_names",
					"-framework",
					SDL2,
					"-framework",
					Cocoa,
					"-framework",
					AGL,
					"-framework",
					OpenGL,
					/opt/local/lib/libGLEW.dylib,
					/opt/local/lib/libSDL2_image.dylib,
					/opt/local/lib/libSDL2_ttf.dylib,
					"\"/Applications/Autodesk/FBX SDK/2015.1/lib/clang/release/libfbxsdk.a\"",
				);
				OTHER_REZFLAGS = "";
				PRODUCT_NAME = GP2BaseCode;
				SECTORDER_FLAGS = "";
				SYMROOT = "/Users/MHReid/Documents/GP2-Labs/GP2CourseWork/builds1";
				USE_HEADERMAP = NO;
				WARNING_CFLAGS = (
					"-Wmost",
					"-Wno-four-char-constants",
					"-Wno-unknown-pragmas",
					"$(inherited)",
				);
			};
			name = RelWithDebInfo;
		};
		60C06D1840A340CE93668C7C /* Release */ = {
			isa = XCBuildConfiguration;
			buildSettings = {
				ONLY_ACTIVE_ARCH = YES;
				SDKROOT = "/Applications/Xcode-beta.app/Contents/Developer/Platforms/MacOSX.platform/Developer/SDKs/MacOSX10.11.sdk";
				SYMROOT = "/Users/MHReid/Documents/GP2-Labs/GP2CourseWork/builds1/build";
			};
			name = Release;
		};
		6182160B962D41CA90DE5EAB /* RelWithDebInfo */ = {
			isa = XCBuildConfiguration;
			buildSettings = {
				COMBINE_HIDPI_IMAGES = YES;
				GCC_GENERATE_DEBUGGING_SYMBOLS = YES;
				GCC_INLINES_ARE_PRIVATE_EXTERN = NO;
				GCC_OPTIMIZATION_LEVEL = 0;
				GCC_PREPROCESSOR_DEFINITIONS = "'CMAKE_INTDIR=\"$(CONFIGURATION)$(EFFECTIVE_PLATFORM_NAME)\"'";
				GCC_SYMBOLS_PRIVATE_EXTERN = NO;
				HEADER_SEARCH_PATHS = (
					"/Users/MHReid/Documents/GP2-Labs/GP2CourseWork/GP2BaseCode",
					"/Users/MHReid/Documents/GP2-Labs/GP2CourseWork/include",
					/Library/Frameworks/SDL2.framework/Headers,
					/opt/local/include,
					/opt/local/include/SDL2,
					"\"/Applications/Autodesk/FBX SDK/2015.1/include\"",
				);
				INSTALL_PATH = "";
				OTHER_LDFLAGS = " ";
				OTHER_REZFLAGS = "";
				PRODUCT_NAME = ALL_BUILD;
				SECTORDER_FLAGS = "";
				SYMROOT = "/Users/MHReid/Documents/GP2-Labs/GP2CourseWork/builds1";
				USE_HEADERMAP = NO;
				WARNING_CFLAGS = (
					"-Wmost",
					"-Wno-four-char-constants",
					"-Wno-unknown-pragmas",
					"$(inherited)",
				);
			};
			name = RelWithDebInfo;
		};
		651183BC258842FC895FE409 /* Debug */ = {
			isa = XCBuildConfiguration;
			buildSettings = {
				COMBINE_HIDPI_IMAGES = YES;
				GCC_GENERATE_DEBUGGING_SYMBOLS = YES;
				GCC_INLINES_ARE_PRIVATE_EXTERN = NO;
				GCC_OPTIMIZATION_LEVEL = 0;
				GCC_PREPROCESSOR_DEFINITIONS = "'CMAKE_INTDIR=\"$(CONFIGURATION)$(EFFECTIVE_PLATFORM_NAME)\"'";
				GCC_SYMBOLS_PRIVATE_EXTERN = NO;
				HEADER_SEARCH_PATHS = (
					"/Users/MHReid/Documents/GP2-Labs/GP2CourseWork/GP2BaseCode",
					"/Users/MHReid/Documents/GP2-Labs/GP2CourseWork/include",
					/Library/Frameworks/SDL2.framework/Headers,
					/opt/local/include,
					/opt/local/include/SDL2,
					"\"/Applications/Autodesk/FBX SDK/2015.1/include\"",
				);
				INSTALL_PATH = "";
				OTHER_LDFLAGS = " ";
				OTHER_REZFLAGS = "";
				PRODUCT_NAME = ALL_BUILD;
				SECTORDER_FLAGS = "";
				SYMROOT = "/Users/MHReid/Documents/GP2-Labs/GP2CourseWork/builds1";
				USE_HEADERMAP = NO;
				WARNING_CFLAGS = (
					"-Wmost",
					"-Wno-four-char-constants",
					"-Wno-unknown-pragmas",
					"$(inherited)",
				);
			};
			name = Debug;
		};
		78EA60792B544D569D256501 /* MinSizeRel */ = {
			isa = XCBuildConfiguration;
			buildSettings = {
				COMBINE_HIDPI_IMAGES = YES;
				EXECUTABLE_PREFIX = "";
				EXECUTABLE_SUFFIX = "";
				FRAMEWORK_SEARCH_PATHS = /Library/Frameworks;
				GCC_GENERATE_DEBUGGING_SYMBOLS = NO;
				GCC_INLINES_ARE_PRIVATE_EXTERN = NO;
				GCC_OPTIMIZATION_LEVEL = s;
				GCC_PREPROCESSOR_DEFINITIONS = "'CMAKE_INTDIR=\"$(CONFIGURATION)$(EFFECTIVE_PLATFORM_NAME)\"'";
				GCC_SYMBOLS_PRIVATE_EXTERN = NO;
				HEADER_SEARCH_PATHS = (
					"/Users/MHReid/Documents/GP2-Labs/GP2CourseWork/GP2BaseCode",
					"/Users/MHReid/Documents/GP2-Labs/GP2CourseWork/include",
					/Library/Frameworks/SDL2.framework/Headers,
					/opt/local/include,
					/opt/local/include/SDL2,
					"\"/Applications/Autodesk/FBX SDK/2015.1/include\"",
				);
				INSTALL_PATH = "";
				LD_RUNPATH_SEARCH_PATHS = /Library/Frameworks;
				LIBRARY_SEARCH_PATHS = "";
				OTHER_CPLUSPLUSFLAGS = (
					"-std=c++0x",
					"-DNDEBUG",
				);
				OTHER_LDFLAGS = (
					"-Wl,-search_paths_first",
					"-Wl,-headerpad_max_install_names",
					"-framework",
					SDL2,
					"-framework",
					Cocoa,
					"-framework",
					AGL,
					"-framework",
					OpenGL,
					/opt/local/lib/libGLEW.dylib,
					/opt/local/lib/libSDL2_image.dylib,
					/opt/local/lib/libSDL2_ttf.dylib,
					"\"/Applications/Autodesk/FBX SDK/2015.1/lib/clang/release/libfbxsdk.a\"",
				);
				OTHER_REZFLAGS = "";
				PRODUCT_NAME = GP2BaseCode;
				SECTORDER_FLAGS = "";
				SYMROOT = "/Users/MHReid/Documents/GP2-Labs/GP2CourseWork/builds1";
				USE_HEADERMAP = NO;
				WARNING_CFLAGS = (
					"-Wmost",
					"-Wno-four-char-constants",
					"-Wno-unknown-pragmas",
					"$(inherited)",
				);
			};
			name = MinSizeRel;
		};
		8A0E6FCD0A96438EA0199354 /* MinSizeRel */ = {
			isa = XCBuildConfiguration;
			buildSettings = {
				COMBINE_HIDPI_IMAGES = YES;
				GCC_GENERATE_DEBUGGING_SYMBOLS = YES;
				GCC_INLINES_ARE_PRIVATE_EXTERN = NO;
				GCC_OPTIMIZATION_LEVEL = 0;
				GCC_PREPROCESSOR_DEFINITIONS = "'CMAKE_INTDIR=\"$(CONFIGURATION)$(EFFECTIVE_PLATFORM_NAME)\"'";
				GCC_SYMBOLS_PRIVATE_EXTERN = NO;
				HEADER_SEARCH_PATHS = (
					"/Users/MHReid/Documents/GP2-Labs/GP2CourseWork/GP2BaseCode",
					"/Users/MHReid/Documents/GP2-Labs/GP2CourseWork/include",
					/Library/Frameworks/SDL2.framework/Headers,
					/opt/local/include,
					/opt/local/include/SDL2,
					"\"/Applications/Autodesk/FBX SDK/2015.1/include\"",
				);
				INSTALL_PATH = "";
				OTHER_LDFLAGS = " ";
				OTHER_REZFLAGS = "";
				PRODUCT_NAME = ZERO_CHECK;
				SECTORDER_FLAGS = "";
				SYMROOT = "/Users/MHReid/Documents/GP2-Labs/GP2CourseWork/builds1";
				USE_HEADERMAP = NO;
				WARNING_CFLAGS = (
					"-Wmost",
					"-Wno-four-char-constants",
					"-Wno-unknown-pragmas",
					"$(inherited)",
				);
			};
			name = MinSizeRel;
		};
		8A798E57FB8F41EB846D2E06 /* Debug */ = {
			isa = XCBuildConfiguration;
			buildSettings = {
				COMBINE_HIDPI_IMAGES = YES;
				EXECUTABLE_PREFIX = "";
				EXECUTABLE_SUFFIX = "";
				FRAMEWORK_SEARCH_PATHS = /Library/Frameworks;
				GCC_GENERATE_DEBUGGING_SYMBOLS = YES;
				GCC_INLINES_ARE_PRIVATE_EXTERN = NO;
				GCC_OPTIMIZATION_LEVEL = 0;
				GCC_PREPROCESSOR_DEFINITIONS = "'CMAKE_INTDIR=\"$(CONFIGURATION)$(EFFECTIVE_PLATFORM_NAME)\"'";
				GCC_SYMBOLS_PRIVATE_EXTERN = NO;
				HEADER_SEARCH_PATHS = (
					"/Users/MHReid/Documents/GP2-Labs/GP2CourseWork/GP2BaseCode",
					"/Users/MHReid/Documents/GP2-Labs/GP2CourseWork/include",
					/Library/Frameworks/SDL2.framework/Headers,
					/opt/local/include,
					/opt/local/include/SDL2,
					"\"/Applications/Autodesk/FBX SDK/2015.1/include\"",
				);
				INSTALL_PATH = "";
				LD_RUNPATH_SEARCH_PATHS = /Library/Frameworks;
				LIBRARY_SEARCH_PATHS = "";
				OTHER_CPLUSPLUSFLAGS = "-std=c++0x      ";
				OTHER_LDFLAGS = (
					"-Wl,-search_paths_first",
					"-Wl,-headerpad_max_install_names",
					"-framework",
					SDL2,
					"-framework",
					Cocoa,
					"-framework",
					AGL,
					"-framework",
					OpenGL,
					/opt/local/lib/libGLEW.dylib,
					/opt/local/lib/libSDL2_image.dylib,
					/opt/local/lib/libSDL2_ttf.dylib,
					"\"/Applications/Autodesk/FBX SDK/2015.1/lib/clang/release/libfbxsdk.a\"",
				);
				OTHER_REZFLAGS = "";
				PRODUCT_NAME = GP2BaseCode;
				SECTORDER_FLAGS = "";
				SYMROOT = "/Users/MHReid/Documents/GP2-Labs/GP2CourseWork/builds1";
				USE_HEADERMAP = NO;
				WARNING_CFLAGS = (
					"-Wmost",
					"-Wno-four-char-constants",
					"-Wno-unknown-pragmas",
					"$(inherited)",
				);
			};
			name = Debug;
		};
		92242B0AB9234133B9C131D5 /* MinSizeRel */ = {
			isa = XCBuildConfiguration;
			buildSettings = {
				ONLY_ACTIVE_ARCH = YES;
				SDKROOT = "/Applications/Xcode-beta.app/Contents/Developer/Platforms/MacOSX.platform/Developer/SDKs/MacOSX10.11.sdk";
				SYMROOT = "/Users/MHReid/Documents/GP2-Labs/GP2CourseWork/builds1/build";
			};
			name = MinSizeRel;
		};
		AC4EEB0DFAF54C93BD7638B3 /* Release */ = {
			isa = XCBuildConfiguration;
			buildSettings = {
				COMBINE_HIDPI_IMAGES = YES;
				GCC_GENERATE_DEBUGGING_SYMBOLS = YES;
				GCC_INLINES_ARE_PRIVATE_EXTERN = NO;
				GCC_OPTIMIZATION_LEVEL = 0;
				GCC_PREPROCESSOR_DEFINITIONS = "'CMAKE_INTDIR=\"$(CONFIGURATION)$(EFFECTIVE_PLATFORM_NAME)\"'";
				GCC_SYMBOLS_PRIVATE_EXTERN = NO;
				HEADER_SEARCH_PATHS = (
					"/Users/MHReid/Documents/GP2-Labs/GP2CourseWork/GP2BaseCode",
					"/Users/MHReid/Documents/GP2-Labs/GP2CourseWork/include",
					/Library/Frameworks/SDL2.framework/Headers,
					/opt/local/include,
					/opt/local/include/SDL2,
					"\"/Applications/Autodesk/FBX SDK/2015.1/include\"",
				);
				INSTALL_PATH = "";
				OTHER_LDFLAGS = " ";
				OTHER_REZFLAGS = "";
				PRODUCT_NAME = ALL_BUILD;
				SECTORDER_FLAGS = "";
				SYMROOT = "/Users/MHReid/Documents/GP2-Labs/GP2CourseWork/builds1";
				USE_HEADERMAP = NO;
				WARNING_CFLAGS = (
					"-Wmost",
					"-Wno-four-char-constants",
					"-Wno-unknown-pragmas",
					"$(inherited)",
				);
			};
			name = Release;
		};
		BFF8191CAF124A2EABCE4460 /* Debug */ = {
			isa = XCBuildConfiguration;
			buildSettings = {
				COMBINE_HIDPI_IMAGES = YES;
				GCC_GENERATE_DEBUGGING_SYMBOLS = YES;
				GCC_INLINES_ARE_PRIVATE_EXTERN = NO;
				GCC_OPTIMIZATION_LEVEL = 0;
				GCC_PREPROCESSOR_DEFINITIONS = "'CMAKE_INTDIR=\"$(CONFIGURATION)$(EFFECTIVE_PLATFORM_NAME)\"'";
				GCC_SYMBOLS_PRIVATE_EXTERN = NO;
				HEADER_SEARCH_PATHS = (
					"/Users/MHReid/Documents/GP2-Labs/GP2CourseWork/GP2BaseCode",
					"/Users/MHReid/Documents/GP2-Labs/GP2CourseWork/include",
					/Library/Frameworks/SDL2.framework/Headers,
					/opt/local/include,
					/opt/local/include/SDL2,
					"\"/Applications/Autodesk/FBX SDK/2015.1/include\"",
				);
				INSTALL_PATH = "";
				OTHER_LDFLAGS = " ";
				OTHER_REZFLAGS = "";
				PRODUCT_NAME = ZERO_CHECK;
				SECTORDER_FLAGS = "";
				SYMROOT = "/Users/MHReid/Documents/GP2-Labs/GP2CourseWork/builds1";
				USE_HEADERMAP = NO;
				WARNING_CFLAGS = (
					"-Wmost",
					"-Wno-four-char-constants",
					"-Wno-unknown-pragmas",
					"$(inherited)",
				);
			};
			name = Debug;
		};
		EEF015CBCD0743F58CE939F9 /* Release */ = {
			isa = XCBuildConfiguration;
			buildSettings = {
				COMBINE_HIDPI_IMAGES = YES;
				EXECUTABLE_PREFIX = "";
				EXECUTABLE_SUFFIX = "";
				FRAMEWORK_SEARCH_PATHS = /Library/Frameworks;
				GCC_GENERATE_DEBUGGING_SYMBOLS = NO;
				GCC_INLINES_ARE_PRIVATE_EXTERN = NO;
				GCC_OPTIMIZATION_LEVEL = 3;
				GCC_PREPROCESSOR_DEFINITIONS = "'CMAKE_INTDIR=\"$(CONFIGURATION)$(EFFECTIVE_PLATFORM_NAME)\"'";
				GCC_SYMBOLS_PRIVATE_EXTERN = NO;
				HEADER_SEARCH_PATHS = (
					"/Users/MHReid/Documents/GP2-Labs/GP2CourseWork/GP2BaseCode",
					"/Users/MHReid/Documents/GP2-Labs/GP2CourseWork/include",
					/Library/Frameworks/SDL2.framework/Headers,
					/opt/local/include,
					/opt/local/include/SDL2,
					"\"/Applications/Autodesk/FBX SDK/2015.1/include\"",
				);
				INSTALL_PATH = "";
				LD_RUNPATH_SEARCH_PATHS = /Library/Frameworks;
				LIBRARY_SEARCH_PATHS = "";
				OTHER_CPLUSPLUSFLAGS = (
					"-std=c++0x",
					"-DNDEBUG",
				);
				OTHER_LDFLAGS = (
					"-Wl,-search_paths_first",
					"-Wl,-headerpad_max_install_names",
					"-framework",
					SDL2,
					"-framework",
					Cocoa,
					"-framework",
					AGL,
					"-framework",
					OpenGL,
					/opt/local/lib/libGLEW.dylib,
					/opt/local/lib/libSDL2_image.dylib,
					/opt/local/lib/libSDL2_ttf.dylib,
					"\"/Applications/Autodesk/FBX SDK/2015.1/lib/clang/release/libfbxsdk.a\"",
				);
				OTHER_REZFLAGS = "";
				PRODUCT_NAME = GP2BaseCode;
				SECTORDER_FLAGS = "";
				SYMROOT = "/Users/MHReid/Documents/GP2-Labs/GP2CourseWork/builds1";
				USE_HEADERMAP = NO;
				WARNING_CFLAGS = (
					"-Wmost",
					"-Wno-four-char-constants",
					"-Wno-unknown-pragmas",
					"$(inherited)",
				);
			};
			name = Release;
		};
/* End XCBuildConfiguration section */

/* Begin XCConfigurationList section */
		0BA55047BE7C42058AC47EF6 /* Build configuration list for PBXAggregateTarget "ALL_BUILD" */ = {
			isa = XCConfigurationList;
			buildConfigurations = (
				651183BC258842FC895FE409 /* Debug */,
				AC4EEB0DFAF54C93BD7638B3 /* Release */,
				295A2A52C9A547D2B183E676 /* MinSizeRel */,
				6182160B962D41CA90DE5EAB /* RelWithDebInfo */,
			);
			defaultConfigurationIsVisible = 0;
			defaultConfigurationName = Debug;
		};
		19399E0BB1CF47139526320F /* Build configuration list for PBXAggregateTarget "ZERO_CHECK" */ = {
			isa = XCConfigurationList;
			buildConfigurations = (
				BFF8191CAF124A2EABCE4460 /* Debug */,
				224FC9F488CD4189ABF61D98 /* Release */,
				8A0E6FCD0A96438EA0199354 /* MinSizeRel */,
				2CE651941DB94DA38640DF1C /* RelWithDebInfo */,
			);
			defaultConfigurationIsVisible = 0;
			defaultConfigurationName = Debug;
		};
		7C0D57DD0F1041449C272DC1 /* Build configuration list for PBXProject "GP2BaseCode" */ = {
			isa = XCConfigurationList;
			buildConfigurations = (
				01F8AF7456D74CD487689D41 /* Debug */,
				60C06D1840A340CE93668C7C /* Release */,
				92242B0AB9234133B9C131D5 /* MinSizeRel */,
				4626C1CD3638457FA6C2FF93 /* RelWithDebInfo */,
			);
			defaultConfigurationIsVisible = 0;
			defaultConfigurationName = Debug;
		};
		B79281A82C7F4AFF9A3D7D23 /* Build configuration list for PBXNativeTarget "GP2BaseCode" */ = {
			isa = XCConfigurationList;
			buildConfigurations = (
				8A798E57FB8F41EB846D2E06 /* Debug */,
				EEF015CBCD0743F58CE939F9 /* Release */,
				78EA60792B544D569D256501 /* MinSizeRel */,
				5463E0C58FE64837945BCA0D /* RelWithDebInfo */,
			);
			defaultConfigurationIsVisible = 0;
			defaultConfigurationName = Debug;
		};
/* End XCConfigurationList section */
	};
	rootObject = D5B4AB1D8F8145EBB36CD02D /* Project object */;
}
